// !$*UTF8*$!
{
	archiveVersion = 1;
	classes = {
	};
	objectVersion = 46;
	objects = {

/* Begin PBXBuildFile section */
		C5C70DC21AA68EDE00BE0753 /* AppDelegate.swift in Sources */ = {isa = PBXBuildFile; fileRef = C5C70DC11AA68EDE00BE0753 /* AppDelegate.swift */; };
		C5C70DC41AA68EDE00BE0753 /* ViewController.swift in Sources */ = {isa = PBXBuildFile; fileRef = C5C70DC31AA68EDE00BE0753 /* ViewController.swift */; };
		C5C70DC71AA68EDE00BE0753 /* Main.storyboard in Resources */ = {isa = PBXBuildFile; fileRef = C5C70DC51AA68EDE00BE0753 /* Main.storyboard */; };
		C5C70DC91AA68EDE00BE0753 /* Images.xcassets in Resources */ = {isa = PBXBuildFile; fileRef = C5C70DC81AA68EDE00BE0753 /* Images.xcassets */; };
		C5C70DCC1AA68EDE00BE0753 /* LaunchScreen.xib in Resources */ = {isa = PBXBuildFile; fileRef = C5C70DCA1AA68EDE00BE0753 /* LaunchScreen.xib */; };
		C5C70DD81AA68EDE00BE0753 /* conduitTests.swift in Sources */ = {isa = PBXBuildFile; fileRef = C5C70DD71AA68EDE00BE0753 /* conduitTests.swift */; };
/* End PBXBuildFile section */

/* Begin PBXContainerItemProxy section */
		C5C70DD21AA68EDE00BE0753 /* PBXContainerItemProxy */ = {
			isa = PBXContainerItemProxy;
			containerPortal = C5C70DB41AA68EDE00BE0753 /* Project object */;
			proxyType = 1;
			remoteGlobalIDString = C5C70DBB1AA68EDE00BE0753;
			remoteInfo = conduit;
		};
/* End PBXContainerItemProxy section */

/* Begin PBXFileReference section */
		C5C70DBC1AA68EDE00BE0753 /* conduit.app */ = {isa = PBXFileReference; explicitFileType = wrapper.application; includeInIndex = 0; path = conduit.app; sourceTree = BUILT_PRODUCTS_DIR; };
		C5C70DC01AA68EDE00BE0753 /* Info.plist */ = {isa = PBXFileReference; lastKnownFileType = text.plist.xml; path = Info.plist; sourceTree = "<group>"; };
		C5C70DC11AA68EDE00BE0753 /* AppDelegate.swift */ = {isa = PBXFileReference; lastKnownFileType = sourcecode.swift; path = AppDelegate.swift; sourceTree = "<group>"; };
		C5C70DC31AA68EDE00BE0753 /* ViewController.swift */ = {isa = PBXFileReference; lastKnownFileType = sourcecode.swift; path = ViewController.swift; sourceTree = "<group>"; };
		C5C70DC61AA68EDE00BE0753 /* Base */ = {isa = PBXFileReference; lastKnownFileType = file.storyboard; name = Base; path = Base.lproj/Main.storyboard; sourceTree = "<group>"; };
		C5C70DC81AA68EDE00BE0753 /* Images.xcassets */ = {isa = PBXFileReference; lastKnownFileType = folder.assetcatalog; path = Images.xcassets; sourceTree = "<group>"; };
		C5C70DCB1AA68EDE00BE0753 /* Base */ = {isa = PBXFileReference; lastKnownFileType = file.xib; name = Base; path = Base.lproj/LaunchScreen.xib; sourceTree = "<group>"; };
		C5C70DD11AA68EDE00BE0753 /* conduitTests.xctest */ = {isa = PBXFileReference; explicitFileType = wrapper.cfbundle; includeInIndex = 0; path = conduitTests.xctest; sourceTree = BUILT_PRODUCTS_DIR; };
		C5C70DD61AA68EDE00BE0753 /* Info.plist */ = {isa = PBXFileReference; lastKnownFileType = text.plist.xml; path = Info.plist; sourceTree = "<group>"; };
		C5C70DD71AA68EDE00BE0753 /* conduitTests.swift */ = {isa = PBXFileReference; lastKnownFileType = sourcecode.swift; path = conduitTests.swift; sourceTree = "<group>"; };
/* End PBXFileReference section */

/* Begin PBXFrameworksBuildPhase section */
		C5C70DB91AA68EDE00BE0753 /* Frameworks */ = {
			isa = PBXFrameworksBuildPhase;
			buildActionMask = 2147483647;
			files = (
			);
			runOnlyForDeploymentPostprocessing = 0;
		};
		C5C70DCE1AA68EDE00BE0753 /* Frameworks */ = {
			isa = PBXFrameworksBuildPhase;
			buildActionMask = 2147483647;
			files = (
			);
			runOnlyForDeploymentPostprocessing = 0;
		};
/* End PBXFrameworksBuildPhase section */

/* Begin PBXGroup section */
		C5C70DB31AA68EDE00BE0753 = {
			isa = PBXGroup;
			children = (
				C5C70DBE1AA68EDE00BE0753 /* conduit */,
				C5C70DD41AA68EDE00BE0753 /* conduitTests */,
				C5C70DBD1AA68EDE00BE0753 /* Products */,
			);
			sourceTree = "<group>";
		};
		C5C70DBD1AA68EDE00BE0753 /* Products */ = {
			isa = PBXGroup;
			children = (
				C5C70DBC1AA68EDE00BE0753 /* conduit.app */,
				C5C70DD11AA68EDE00BE0753 /* conduitTests.xctest */,
			);
			name = Products;
			sourceTree = "<group>";
		};
		C5C70DBE1AA68EDE00BE0753 /* conduit */ = {
			isa = PBXGroup;
			children = (
				C5C70DC11AA68EDE00BE0753 /* AppDelegate.swift */,
				C5C70DC31AA68EDE00BE0753 /* ViewController.swift */,
				C5C70DC51AA68EDE00BE0753 /* Main.storyboard */,
				C5C70DC81AA68EDE00BE0753 /* Images.xcassets */,
				C5C70DCA1AA68EDE00BE0753 /* LaunchScreen.xib */,
				C5C70DBF1AA68EDE00BE0753 /* Supporting Files */,
			);
			path = conduit;
			sourceTree = "<group>";
		};
		C5C70DBF1AA68EDE00BE0753 /* Supporting Files */ = {
			isa = PBXGroup;
			children = (
				C5C70DC01AA68EDE00BE0753 /* Info.plist */,
			);
			name = "Supporting Files";
			sourceTree = "<group>";
		};
		C5C70DD41AA68EDE00BE0753 /* conduitTests */ = {
			isa = PBXGroup;
			children = (
				C5C70DD71AA68EDE00BE0753 /* conduitTests.swift */,
				C5C70DD51AA68EDE00BE0753 /* Supporting Files */,
			);
			path = conduitTests;
			sourceTree = "<group>";
		};
		C5C70DD51AA68EDE00BE0753 /* Supporting Files */ = {
			isa = PBXGroup;
			children = (
				C5C70DD61AA68EDE00BE0753 /* Info.plist */,
			);
			name = "Supporting Files";
			sourceTree = "<group>";
		};
/* End PBXGroup section */

/* Begin PBXNativeTarget section */
		C5C70DBB1AA68EDE00BE0753 /* conduit */ = {
			isa = PBXNativeTarget;
			buildConfigurationList = C5C70DDB1AA68EDE00BE0753 /* Build configuration list for PBXNativeTarget "conduit" */;
			buildPhases = (
				C5C70DB81AA68EDE00BE0753 /* Sources */,
				C5C70DB91AA68EDE00BE0753 /* Frameworks */,
				C5C70DBA1AA68EDE00BE0753 /* Resources */,
			);
			buildRules = (
			);
			dependencies = (
			);
			name = conduit;
			productName = conduit;
			productReference = C5C70DBC1AA68EDE00BE0753 /* conduit.app */;
			productType = "com.apple.product-type.application";
		};
		C5C70DD01AA68EDE00BE0753 /* conduitTests */ = {
			isa = PBXNativeTarget;
			buildConfigurationList = C5C70DDE1AA68EDE00BE0753 /* Build configuration list for PBXNativeTarget "conduitTests" */;
			buildPhases = (
				C5C70DCD1AA68EDE00BE0753 /* Sources */,
				C5C70DCE1AA68EDE00BE0753 /* Frameworks */,
				C5C70DCF1AA68EDE00BE0753 /* Resources */,
			);
			buildRules = (
			);
			dependencies = (
				C5C70DD31AA68EDE00BE0753 /* PBXTargetDependency */,
			);
			name = conduitTests;
			productName = conduitTests;
			productReference = C5C70DD11AA68EDE00BE0753 /* conduitTests.xctest */;
			productType = "com.apple.product-type.bundle.unit-test";
		};
/* End PBXNativeTarget section */

/* Begin PBXProject section */
		C5C70DB41AA68EDE00BE0753 /* Project object */ = {
			isa = PBXProject;
			attributes = {
				LastUpgradeCheck = 0610;
				ORGANIZATIONNAME = Conduit;
				TargetAttributes = {
					C5C70DBB1AA68EDE00BE0753 = {
						CreatedOnToolsVersion = 6.1.1;
					};
					C5C70DD01AA68EDE00BE0753 = {
						CreatedOnToolsVersion = 6.1.1;
						TestTargetID = C5C70DBB1AA68EDE00BE0753;
					};
				};
			};
			buildConfigurationList = C5C70DB71AA68EDE00BE0753 /* Build configuration list for PBXProject "conduit" */;
			compatibilityVersion = "Xcode 3.2";
			developmentRegion = English;
			hasScannedForEncodings = 0;
			knownRegions = (
				en,
				Base,
			);
			mainGroup = C5C70DB31AA68EDE00BE0753;
			productRefGroup = C5C70DBD1AA68EDE00BE0753 /* Products */;
			projectDirPath = "";
			projectRoot = "";
			targets = (
				C5C70DBB1AA68EDE00BE0753 /* conduit */,
				C5C70DD01AA68EDE00BE0753 /* conduitTests */,
			);
		};
/* End PBXProject section */

/* Begin PBXResourcesBuildPhase section */
		C5C70DBA1AA68EDE00BE0753 /* Resources */ = {
			isa = PBXResourcesBuildPhase;
			buildActionMask = 2147483647;
			files = (
				C5C70DC71AA68EDE00BE0753 /* Main.storyboard in Resources */,
				C5C70DCC1AA68EDE00BE0753 /* LaunchScreen.xib in Resources */,
				C5C70DC91AA68EDE00BE0753 /* Images.xcassets in Resources */,
			);
			runOnlyForDeploymentPostprocessing = 0;
		};
		C5C70DCF1AA68EDE00BE0753 /* Resources */ = {
			isa = PBXResourcesBuildPhase;
			buildActionMask = 2147483647;
			files = (
			);
			runOnlyForDeploymentPostprocessing = 0;
		};
/* End PBXResourcesBuildPhase section */

/* Begin PBXSourcesBuildPhase section */
		C5C70DB81AA68EDE00BE0753 /* Sources */ = {
			isa = PBXSourcesBuildPhase;
			buildActionMask = 2147483647;
			files = (
				C5C70DC41AA68EDE00BE0753 /* ViewController.swift in Sources */,
				C5C70DC21AA68EDE00BE0753 /* AppDelegate.swift in Sources */,
			);
			runOnlyForDeploymentPostprocessing = 0;
		};
		C5C70DCD1AA68EDE00BE0753 /* Sources */ = {
			isa = PBXSourcesBuildPhase;
			buildActionMask = 2147483647;
			files = (
				C5C70DD81AA68EDE00BE0753 /* conduitTests.swift in Sources */,
			);
			runOnlyForDeploymentPostprocessing = 0;
		};
/* End PBXSourcesBuildPhase section */

/* Begin PBXTargetDependency section */
		C5C70DD31AA68EDE00BE0753 /* PBXTargetDependency */ = {
			isa = PBXTargetDependency;
			target = C5C70DBB1AA68EDE00BE0753 /* conduit */;
			targetProxy = C5C70DD21AA68EDE00BE0753 /* PBXContainerItemProxy */;
		};
/* End PBXTargetDependency section */

/* Begin PBXVariantGroup section */
		C5C70DC51AA68EDE00BE0753 /* Main.storyboard */ = {
			isa = PBXVariantGroup;
			children = (
				C5C70DC61AA68EDE00BE0753 /* Base */,
			);
			name = Main.storyboard;
			sourceTree = "<group>";
		};
		C5C70DCA1AA68EDE00BE0753 /* LaunchScreen.xib */ = {
			isa = PBXVariantGroup;
			children = (
				C5C70DCB1AA68EDE00BE0753 /* Base */,
			);
			name = LaunchScreen.xib;
			sourceTree = "<group>";
		};
/* End PBXVariantGroup section */

/* Begin XCBuildConfiguration section */
		C5C70DD91AA68EDE00BE0753 /* Debug */ = {
			isa = XCBuildConfiguration;
			buildSettings = {
				ALWAYS_SEARCH_USER_PATHS = NO;
				CLANG_CXX_LANGUAGE_STANDARD = "gnu++0x";
				CLANG_CXX_LIBRARY = "libc++";
				CLANG_ENABLE_MODULES = YES;
				CLANG_ENABLE_OBJC_ARC = YES;
				CLANG_WARN_BOOL_CONVERSION = YES;
				CLANG_WARN_CONSTANT_CONVERSION = YES;
				CLANG_WARN_DIRECT_OBJC_ISA_USAGE = YES_ERROR;
				CLANG_WARN_EMPTY_BODY = YES;
				CLANG_WARN_ENUM_CONVERSION = YES;
				CLANG_WARN_INT_CONVERSION = YES;
				CLANG_WARN_OBJC_ROOT_CLASS = YES_ERROR;
				CLANG_WARN_UNREACHABLE_CODE = YES;
				CLANG_WARN__DUPLICATE_METHOD_MATCH = YES;
				"CODE_SIGN_IDENTITY[sdk=iphoneos*]" = "iPhone Developer";
				COPY_PHASE_STRIP = NO;
				ENABLE_STRICT_OBJC_MSGSEND = YES;
				GCC_C_LANGUAGE_STANDARD = gnu99;
				GCC_DYNAMIC_NO_PIC = NO;
				GCC_OPTIMIZATION_LEVEL = 0;
				GCC_PREPROCESSOR_DEFINITIONS = (
					"DEBUG=1",
					"$(inherited)",
				);
				GCC_SYMBOLS_PRIVATE_EXTERN = NO;
				GCC_WARN_64_TO_32_BIT_CONVERSION = YES;
				GCC_WARN_ABOUT_RETURN_TYPE = YES_ERROR;
				GCC_WARN_UNDECLARED_SELECTOR = YES;
				GCC_WARN_UNINITIALIZED_AUTOS = YES_AGGRESSIVE;
				GCC_WARN_UNUSED_FUNCTION = YES;
				GCC_WARN_UNUSED_VARIABLE = YES;
				IPHONEOS_DEPLOYMENT_TARGET = 8.1;
				MTL_ENABLE_DEBUG_INFO = YES;
				ONLY_ACTIVE_ARCH = YES;
				SDKROOT = iphoneos;
				SWIFT_OPTIMIZATION_LEVEL = "-Onone";
			};
			name = Debug;
		};
		C5C70DDA1AA68EDE00BE0753 /* Release */ = {
			isa = XCBuildConfiguration;
			buildSettings = {
				ALWAYS_SEARCH_USER_PATHS = NO;
				CLANG_CXX_LANGUAGE_STANDARD = "gnu++0x";
				CLANG_CXX_LIBRARY = "libc++";
				CLANG_ENABLE_MODULES = YES;
				CLANG_ENABLE_OBJC_ARC = YES;
				CLANG_WARN_BOOL_CONVERSION = YES;
				CLANG_WARN_CONSTANT_CONVERSION = YES;
				CLANG_WARN_DIRECT_OBJC_ISA_USAGE = YES_ERROR;
				CLANG_WARN_EMPTY_BODY = YES;
				CLANG_WARN_ENUM_CONVERSION = YES;
				CLANG_WARN_INT_CONVERSION = YES;
				CLANG_WARN_OBJC_ROOT_CLASS = YES_ERROR;
				CLANG_WARN_UNREACHABLE_CODE = YES;
				CLANG_WARN__DUPLICATE_METHOD_MATCH = YES;
				"CODE_SIGN_IDENTITY[sdk=iphoneos*]" = "iPhone Developer";
				COPY_PHASE_STRIP = YES;
				ENABLE_NS_ASSERTIONS = NO;
				ENABLE_STRICT_OBJC_MSGSEND = YES;
				GCC_C_LANGUAGE_STANDARD = gnu99;
				GCC_WARN_64_TO_32_BIT_CONVERSION = YES;
				GCC_WARN_ABOUT_RETURN_TYPE = YES_ERROR;
				GCC_WARN_UNDECLARED_SELECTOR = YES;
				GCC_WARN_UNINITIALIZED_AUTOS = YES_AGGRESSIVE;
				GCC_WARN_UNUSED_FUNCTION = YES;
				GCC_WARN_UNUSED_VARIABLE = YES;
				IPHONEOS_DEPLOYMENT_TARGET = 8.1;
				MTL_ENABLE_DEBUG_INFO = NO;
				SDKROOT = iphoneos;
				VALIDATE_PRODUCT = YES;
			};
			name = Release;
		};
		C5C70DDC1AA68EDE00BE0753 /* Debug */ = {
			isa = XCBuildConfiguration;
			buildSettings = {
				ASSETCATALOG_COMPILER_APPICON_NAME = AppIcon;
				INFOPLIST_FILE = conduit/Info.plist;
				LD_RUNPATH_SEARCH_PATHS = "$(inherited) @executable_path/Frameworks";
				PRODUCT_NAME = "$(TARGET_NAME)";
			};
			name = Debug;
		};
		C5C70DDD1AA68EDE00BE0753 /* Release */ = {
			isa = XCBuildConfiguration;
			buildSettings = {
				ASSETCATALOG_COMPILER_APPICON_NAME = AppIcon;
				INFOPLIST_FILE = conduit/Info.plist;
				LD_RUNPATH_SEARCH_PATHS = "$(inherited) @executable_path/Frameworks";
				PRODUCT_NAME = "$(TARGET_NAME)";
			};
			name = Release;
		};
		C5C70DDF1AA68EDE00BE0753 /* Debug */ = {
			isa = XCBuildConfiguration;
			buildSettings = {
				BUNDLE_LOADER = "$(TEST_HOST)";
				FRAMEWORK_SEARCH_PATHS = (
					"$(SDKROOT)/Developer/Library/Frameworks",
					"$(inherited)",
				);
				GCC_PREPROCESSOR_DEFINITIONS = (
					"DEBUG=1",
					"$(inherited)",
				);
				INFOPLIST_FILE = conduitTests/Info.plist;
				LD_RUNPATH_SEARCH_PATHS = "$(inherited) @executable_path/Frameworks @loader_path/Frameworks";
				PRODUCT_NAME = "$(TARGET_NAME)";
				TEST_HOST = "$(BUILT_PRODUCTS_DIR)/conduit.app/conduit";
			};
			name = Debug;
		};
		C5C70DE01AA68EDE00BE0753 /* Release */ = {
			isa = XCBuildConfiguration;
			buildSettings = {
				BUNDLE_LOADER = "$(TEST_HOST)";
				FRAMEWORK_SEARCH_PATHS = (
					"$(SDKROOT)/Developer/Library/Frameworks",
					"$(inherited)",
				);
				INFOPLIST_FILE = conduitTests/Info.plist;
				LD_RUNPATH_SEARCH_PATHS = "$(inherited) @executable_path/Frameworks @loader_path/Frameworks";
				PRODUCT_NAME = "$(TARGET_NAME)";
				TEST_HOST = "$(BUILT_PRODUCTS_DIR)/conduit.app/conduit";
			};
			name = Release;
		};
/* End XCBuildConfiguration section */

/* Begin XCConfigurationList section */
		C5C70DB71AA68EDE00BE0753 /* Build configuration list for PBXProject "conduit" */ = {
			isa = XCConfigurationList;
			buildConfigurations = (
				C5C70DD91AA68EDE00BE0753 /* Debug */,
				C5C70DDA1AA68EDE00BE0753 /* Release */,
			);
			defaultConfigurationIsVisible = 0;
			defaultConfigurationName = Release;
		};
		C5C70DDB1AA68EDE00BE0753 /* Build configuration list for PBXNativeTarget "conduit" */ = {
			isa = XCConfigurationList;
			buildConfigurations = (
				C5C70DDC1AA68EDE00BE0753 /* Debug */,
				C5C70DDD1AA68EDE00BE0753 /* Release */,
			);
			defaultConfigurationIsVisible = 0;
		};
		C5C70DDE1AA68EDE00BE0753 /* Build configuration list for PBXNativeTarget "conduitTests" */ = {
			isa = XCConfigurationList;
			buildConfigurations = (
				C5C70DDF1AA68EDE00BE0753 /* Debug */,
				C5C70DE01AA68EDE00BE0753 /* Release */,
			);
			defaultConfigurationIsVisible = 0;
		};
/* End XCConfigurationList section */
	};
	rootObject = C5C70DB41AA68EDE00BE0753 /* Project object */;
}
