// !$*UTF8*$!
{
	archiveVersion = 1;
	classes = {
	};
	objectVersion = 46;
	objects = {

/* Begin PBXBuildFile section */
		9C5DB7A458806B50D7333057 /* Pods.framework in Frameworks */ = {isa = PBXBuildFile; fileRef = EFCCECC06C9C564191EED71E /* Pods.framework */; settings = {ATTRIBUTES = (Weak, ); }; };
		B535E4021AFDED0E0048E891 /* images.xcassets in Resources */ = {isa = PBXBuildFile; fileRef = B535E4011AFDED0E0048E891 /* images.xcassets */; };
		B54FF8F21AB04B3100450107 /* ConversationListViewController.swift in Sources */ = {isa = PBXBuildFile; fileRef = B54FF8F11AB04B3100450107 /* ConversationListViewController.swift */; };
		B54FF8F61ACD288200450107 /* SettingsViewController.swift in Sources */ = {isa = PBXBuildFile; fileRef = B54FF8F51ACD288200450107 /* SettingsViewController.swift */; };
		B54FF8F81ACDE90A00450107 /* CarManagementView.swift in Sources */ = {isa = PBXBuildFile; fileRef = B54FF8F71ACDE90A00450107 /* CarManagementView.swift */; };
		B55805F81AE6CF7300EB5512 /* ConfirmPasswordViewController.swift in Sources */ = {isa = PBXBuildFile; fileRef = B55805F71AE6CF7300EB5512 /* ConfirmPasswordViewController.swift */; };
		B57334171AABDB8100363B5C /* CreateAccountController.swift in Sources */ = {isa = PBXBuildFile; fileRef = B57334161AABDB8100363B5C /* CreateAccountController.swift */; };
		B58C3F491AF0CA4C002311EE /* ChangeNameViewController.swift in Sources */ = {isa = PBXBuildFile; fileRef = B58C3F481AF0CA4C002311EE /* ChangeNameViewController.swift */; };
		B58C3F4B1AF0CA5C002311EE /* ChangeEmailViewController.swift in Sources */ = {isa = PBXBuildFile; fileRef = B58C3F4A1AF0CA5C002311EE /* ChangeEmailViewController.swift */; };
		B58C3F4F1AF40ECE002311EE /* PhoneSettingsViewController.swift in Sources */ = {isa = PBXBuildFile; fileRef = B58C3F4E1AF40ECE002311EE /* PhoneSettingsViewController.swift */; };
		B58FD9B31ACE67B5005B8648 /* ChangePasswordView.swift in Sources */ = {isa = PBXBuildFile; fileRef = B58FD9B21ACE67B5005B8648 /* ChangePasswordView.swift */; };
		BD04036B1AFAA14C009F1437 /* CoreData.framework in Frameworks */ = {isa = PBXBuildFile; fileRef = BD04036A1AFAA14C009F1437 /* CoreData.framework */; };
		BD04036D1AFAA15C009F1437 /* libz.dylib in Frameworks */ = {isa = PBXBuildFile; fileRef = BD04036C1AFAA15C009F1437 /* libz.dylib */; };
		BD0403711AFAA210009F1437 /* libGoogleAnalyticsServices.a in Frameworks */ = {isa = PBXBuildFile; fileRef = BD04036E1AFAA16F009F1437 /* libGoogleAnalyticsServices.a */; };
		BD0403731AFAA25C009F1437 /* libsqlite3.dylib in Frameworks */ = {isa = PBXBuildFile; fileRef = BD0403721AFAA25C009F1437 /* libsqlite3.dylib */; };
		BD19A1BF1AFA065B00015E34 /* AddCarViewController.swift in Sources */ = {isa = PBXBuildFile; fileRef = BD19A1BE1AFA065B00015E34 /* AddCarViewController.swift */; };
		BD5140F21B0139F600C5F311 /* Twitter_logo_blue.png in Resources */ = {isa = PBXBuildFile; fileRef = BD5140F11B0139F600C5F311 /* Twitter_logo_blue.png */; };
		BD5140F41B013A0600C5F311 /* FB-f-Logo__blue_144.png in Resources */ = {isa = PBXBuildFile; fileRef = BD5140F31B013A0600C5F311 /* FB-f-Logo__blue_144.png */; };
		BD5140F61B013A0F00C5F311 /* background_image.png in Resources */ = {isa = PBXBuildFile; fileRef = BD5140F51B013A0F00C5F311 /* background_image.png */; };
		BD7039671AF9FC32009E87D8 /* ErrorHelpers.swift in Sources */ = {isa = PBXBuildFile; fileRef = BD7039661AF9FC32009E87D8 /* ErrorHelpers.swift */; };
		BD7381111AFCBAEE00B870AB /* SourceSansPro-Light.ttf in Resources */ = {isa = PBXBuildFile; fileRef = BD7381101AFCBAEE00B870AB /* SourceSansPro-Light.ttf */; };
		BD8027A31AFC3A0100E280A9 /* AnalyticsHelper.swift in Sources */ = {isa = PBXBuildFile; fileRef = BD8027A21AFC3A0100E280A9 /* AnalyticsHelper.swift */; };
		BDB898411AEC3301007E8FE1 /* InviteFriendsViewController.swift in Sources */ = {isa = PBXBuildFile; fileRef = BDB898401AEC3301007E8FE1 /* InviteFriendsViewController.swift */; };
		BDD28DC31ACDDD4E001B031D /* ConversationViewController.swift in Sources */ = {isa = PBXBuildFile; fileRef = BDD28DC21ACDDD4E001B031D /* ConversationViewController.swift */; };
		BDE4EB5F1AAC2A8900588511 /* LoginViewController.swift in Sources */ = {isa = PBXBuildFile; fileRef = BDE4EB5E1AAC2A8900588511 /* LoginViewController.swift */; };
		BDE4EB651AAC44FB00588511 /* NewMessageViewController.swift in Sources */ = {isa = PBXBuildFile; fileRef = BDE4EB641AAC44FB00588511 /* NewMessageViewController.swift */; };
		BDEB2DE81AD4A41E008C91C2 /* Style.swift in Sources */ = {isa = PBXBuildFile; fileRef = BDEB2DE71AD4A41E008C91C2 /* Style.swift */; };
		C531B2101B04115F009453D4 /* Fabric.framework in Frameworks */ = {isa = PBXBuildFile; fileRef = C531B20E1B04115F009453D4 /* Fabric.framework */; };
		C531B2111B04115F009453D4 /* Crashlytics.framework in Frameworks */ = {isa = PBXBuildFile; fileRef = C531B20F1B04115F009453D4 /* Crashlytics.framework */; };
		C53B9CF01AD2046A00BEFA88 /* LayerKit.framework in Frameworks */ = {isa = PBXBuildFile; fileRef = C53B9CED1AD2046A00BEFA88 /* LayerKit.framework */; };
		C53B9CF11AD2046A00BEFA88 /* layer-client-messaging-schema.bundle in Resources */ = {isa = PBXBuildFile; fileRef = C53B9CEF1AD2046A00BEFA88 /* layer-client-messaging-schema.bundle */; };
		C53B9CF31AD2048D00BEFA88 /* SystemConfiguration.framework in Frameworks */ = {isa = PBXBuildFile; fileRef = C53B9CF21AD2048D00BEFA88 /* SystemConfiguration.framework */; };
		C53B9CF51AD2049400BEFA88 /* CFNetwork.framework in Frameworks */ = {isa = PBXBuildFile; fileRef = C53B9CF41AD2049400BEFA88 /* CFNetwork.framework */; };
		C53B9CF71AD2049B00BEFA88 /* MobileCoreServices.framework in Frameworks */ = {isa = PBXBuildFile; fileRef = C53B9CF61AD2049B00BEFA88 /* MobileCoreServices.framework */; };
		C53B9CF91AD204A200BEFA88 /* Security.framework in Frameworks */ = {isa = PBXBuildFile; fileRef = C53B9CF81AD204A200BEFA88 /* Security.framework */; };
		C53CE0D81AFC67A30071A4C4 /* Main.storyboard in Resources */ = {isa = PBXBuildFile; fileRef = C53CE0D71AFC67A30071A4C4 /* Main.storyboard */; };
		C53CE0DA1AFC67AF0071A4C4 /* LaunchScreen.xib in Resources */ = {isa = PBXBuildFile; fileRef = C53CE0D91AFC67AF0071A4C4 /* LaunchScreen.xib */; };
		C53CE0DC1AFC68620071A4C4 /* LicenseInputController.swift in Sources */ = {isa = PBXBuildFile; fileRef = C53CE0DB1AFC68620071A4C4 /* LicenseInputController.swift */; };
		C56BFC9A1ABA92430074FCAA /* APIModel.swift in Sources */ = {isa = PBXBuildFile; fileRef = C56BFC991ABA92430074FCAA /* APIModel.swift */; };
		C56BFC9C1ABA94F40074FCAA /* User.swift in Sources */ = {isa = PBXBuildFile; fileRef = C56BFC9B1ABA94F40074FCAA /* User.swift */; };
		C56BFC9E1ABAA1FF0074FCAA /* Car.swift in Sources */ = {isa = PBXBuildFile; fileRef = C56BFC9D1ABAA1FF0074FCAA /* Car.swift */; };
		C56BFCA01ABAA2330074FCAA /* Conversation.swift in Sources */ = {isa = PBXBuildFile; fileRef = C56BFC9F1ABAA2330074FCAA /* Conversation.swift */; };
		C56BFCA21ABAA2400074FCAA /* Message.swift in Sources */ = {isa = PBXBuildFile; fileRef = C56BFCA11ABAA2400074FCAA /* Message.swift */; };
		C5762AC71AEF64FE00275E89 /* WelcomeViewController.swift in Sources */ = {isa = PBXBuildFile; fileRef = C5762AC61AEF64FE00275E89 /* WelcomeViewController.swift */; };
		C5B7FC971AE7008A001F6E9C /* DataStore.swift in Sources */ = {isa = PBXBuildFile; fileRef = C5B7FC961AE7008A001F6E9C /* DataStore.swift */; };
		C5C70DC21AA68EDE00BE0753 /* AppDelegate.swift in Sources */ = {isa = PBXBuildFile; fileRef = C5C70DC11AA68EDE00BE0753 /* AppDelegate.swift */; };
		C5C70DD81AA68EDE00BE0753 /* conduitTests.swift in Sources */ = {isa = PBXBuildFile; fileRef = C5C70DD71AA68EDE00BE0753 /* conduitTests.swift */; };
		C5D02E721ADD9F2F00C201A5 /* CustomSegues.swift in Sources */ = {isa = PBXBuildFile; fileRef = C5D02E711ADD9F2F00C201A5 /* CustomSegues.swift */; };
		C5D02EC61AE085A300C201A5 /* Atlas.m in Sources */ = {isa = PBXBuildFile; fileRef = C5D02E751AE085A300C201A5 /* Atlas.m */; };
		C5D02EC71AE085A300C201A5 /* ATLAddressBarViewController.m in Sources */ = {isa = PBXBuildFile; fileRef = C5D02E781AE085A300C201A5 /* ATLAddressBarViewController.m */; };
		C5D02EC81AE085A300C201A5 /* ATLBaseConversationViewController.m in Sources */ = {isa = PBXBuildFile; fileRef = C5D02E7A1AE085A300C201A5 /* ATLBaseConversationViewController.m */; };
		C5D02EC91AE085A300C201A5 /* ATLConversationListViewController.m in Sources */ = {isa = PBXBuildFile; fileRef = C5D02E7C1AE085A300C201A5 /* ATLConversationListViewController.m */; };
		C5D02ECA1AE085A300C201A5 /* ATLConversationViewController.m in Sources */ = {isa = PBXBuildFile; fileRef = C5D02E7E1AE085A300C201A5 /* ATLConversationViewController.m */; };
		C5D02ECB1AE085A300C201A5 /* ATLParticipantTableViewController.m in Sources */ = {isa = PBXBuildFile; fileRef = C5D02E801AE085A300C201A5 /* ATLParticipantTableViewController.m */; };
		C5D02ECC1AE085A300C201A5 /* ATLTypingIndicatorViewController.m in Sources */ = {isa = PBXBuildFile; fileRef = C5D02E821AE085A300C201A5 /* ATLTypingIndicatorViewController.m */; };
		C5D02ECD1AE085A300C201A5 /* ATLConversationDataSource.m in Sources */ = {isa = PBXBuildFile; fileRef = C5D02E851AE085A300C201A5 /* ATLConversationDataSource.m */; };
		C5D02ECE1AE085A300C201A5 /* ATLDataSourceChange.m in Sources */ = {isa = PBXBuildFile; fileRef = C5D02E871AE085A300C201A5 /* ATLDataSourceChange.m */; };
		C5D02ECF1AE085A300C201A5 /* ATLMediaAttachment.m in Sources */ = {isa = PBXBuildFile; fileRef = C5D02E891AE085A300C201A5 /* ATLMediaAttachment.m */; };
		C5D02ED01AE085A300C201A5 /* ATLParticipantTableDataSet.m in Sources */ = {isa = PBXBuildFile; fileRef = C5D02E8B1AE085A300C201A5 /* ATLParticipantTableDataSet.m */; };
		C5D02ED11AE085A300C201A5 /* ATLConstants.m in Sources */ = {isa = PBXBuildFile; fileRef = C5D02E941AE085A300C201A5 /* ATLConstants.m */; };
		C5D02ED21AE085A300C201A5 /* ATLErrors.m in Sources */ = {isa = PBXBuildFile; fileRef = C5D02E961AE085A300C201A5 /* ATLErrors.m */; };
		C5D02ED31AE085A300C201A5 /* ATLLocationManager.m in Sources */ = {isa = PBXBuildFile; fileRef = C5D02E981AE085A300C201A5 /* ATLLocationManager.m */; };
		C5D02ED41AE085A300C201A5 /* ATLMediaInputStream.m in Sources */ = {isa = PBXBuildFile; fileRef = C5D02E9A1AE085A300C201A5 /* ATLMediaInputStream.m */; };
		C5D02ED51AE085A300C201A5 /* ATLMessagingUtilities.m in Sources */ = {isa = PBXBuildFile; fileRef = C5D02E9C1AE085A300C201A5 /* ATLMessagingUtilities.m */; };
		C5D02ED61AE085A300C201A5 /* ATLUIImageHelper.m in Sources */ = {isa = PBXBuildFile; fileRef = C5D02E9E1AE085A300C201A5 /* ATLUIImageHelper.m */; };
		C5D02ED71AE085A300C201A5 /* ATLAddressBarContainerView.m in Sources */ = {isa = PBXBuildFile; fileRef = C5D02EA11AE085A300C201A5 /* ATLAddressBarContainerView.m */; };
		C5D02ED81AE085A300C201A5 /* ATLAddressBarTextView.m in Sources */ = {isa = PBXBuildFile; fileRef = C5D02EA31AE085A300C201A5 /* ATLAddressBarTextView.m */; };
		C5D02ED91AE085A300C201A5 /* ATLAddressBarView.m in Sources */ = {isa = PBXBuildFile; fileRef = C5D02EA51AE085A300C201A5 /* ATLAddressBarView.m */; };
		C5D02EDA1AE085A300C201A5 /* ATLAvatarImageView.m in Sources */ = {isa = PBXBuildFile; fileRef = C5D02EA71AE085A300C201A5 /* ATLAvatarImageView.m */; };
		C5D02EDB1AE085A300C201A5 /* ATLConversationCollectionView.m in Sources */ = {isa = PBXBuildFile; fileRef = C5D02EA91AE085A300C201A5 /* ATLConversationCollectionView.m */; };
		C5D02EDC1AE085A300C201A5 /* ATLConversationCollectionViewFooter.m in Sources */ = {isa = PBXBuildFile; fileRef = C5D02EAB1AE085A300C201A5 /* ATLConversationCollectionViewFooter.m */; };
		C5D02EDD1AE085A300C201A5 /* ATLConversationCollectionViewHeader.m in Sources */ = {isa = PBXBuildFile; fileRef = C5D02EAD1AE085A300C201A5 /* ATLConversationCollectionViewHeader.m */; };
		C5D02EDE1AE085A300C201A5 /* ATLConversationCollectionViewMoreMessagesHeader.m in Sources */ = {isa = PBXBuildFile; fileRef = C5D02EAF1AE085A300C201A5 /* ATLConversationCollectionViewMoreMessagesHeader.m */; };
		C5D02EDF1AE085A300C201A5 /* ATLConversationTableViewCell.m in Sources */ = {isa = PBXBuildFile; fileRef = C5D02EB11AE085A300C201A5 /* ATLConversationTableViewCell.m */; };
		C5D02EE01AE085A300C201A5 /* ATLConversationView.m in Sources */ = {isa = PBXBuildFile; fileRef = C5D02EB31AE085A300C201A5 /* ATLConversationView.m */; };
		C5D02EE11AE085A300C201A5 /* ATLIncomingMessageCollectionViewCell.m in Sources */ = {isa = PBXBuildFile; fileRef = C5D02EB51AE085A300C201A5 /* ATLIncomingMessageCollectionViewCell.m */; };
		C5D02EE21AE085A300C201A5 /* ATLMessageBubbleView.m in Sources */ = {isa = PBXBuildFile; fileRef = C5D02EB71AE085A300C201A5 /* ATLMessageBubbleView.m */; };
		C5D02EE31AE085A300C201A5 /* ATLMessageCollectionViewCell.m in Sources */ = {isa = PBXBuildFile; fileRef = C5D02EB91AE085A300C201A5 /* ATLMessageCollectionViewCell.m */; };
		C5D02EE41AE085A300C201A5 /* ATLMessageComposeTextView.m in Sources */ = {isa = PBXBuildFile; fileRef = C5D02EBB1AE085A300C201A5 /* ATLMessageComposeTextView.m */; };
		C5D02EE51AE085A300C201A5 /* ATLMessageInputToolbar.m in Sources */ = {isa = PBXBuildFile; fileRef = C5D02EBD1AE085A300C201A5 /* ATLMessageInputToolbar.m */; };
		C5D02EE61AE085A300C201A5 /* ATLOutgoingMessageCollectionViewCell.m in Sources */ = {isa = PBXBuildFile; fileRef = C5D02EBF1AE085A300C201A5 /* ATLOutgoingMessageCollectionViewCell.m */; };
		C5D02EE71AE085A300C201A5 /* ATLParticipantSectionHeaderView.m in Sources */ = {isa = PBXBuildFile; fileRef = C5D02EC11AE085A300C201A5 /* ATLParticipantSectionHeaderView.m */; };
		C5D02EE81AE085A300C201A5 /* ATLParticipantTableViewCell.m in Sources */ = {isa = PBXBuildFile; fileRef = C5D02EC31AE085A300C201A5 /* ATLParticipantTableViewCell.m */; };
		C5D02EE91AE085A300C201A5 /* ATLProgressView.m in Sources */ = {isa = PBXBuildFile; fileRef = C5D02EC51AE085A300C201A5 /* ATLProgressView.m */; };
		C5D02EFE1AE085B000C201A5 /* block.png in Resources */ = {isa = PBXBuildFile; fileRef = C5D02EEB1AE085B000C201A5 /* block.png */; };
		C5D02EFF1AE085B000C201A5 /* block@2x.png in Resources */ = {isa = PBXBuildFile; fileRef = C5D02EEC1AE085B000C201A5 /* block@2x.png */; };
		C5D02F001AE085B000C201A5 /* block@3x.png in Resources */ = {isa = PBXBuildFile; fileRef = C5D02EED1AE085B000C201A5 /* block@3x.png */; };
		C5D02F011AE085B000C201A5 /* camera_dark.png in Resources */ = {isa = PBXBuildFile; fileRef = C5D02EEE1AE085B000C201A5 /* camera_dark.png */; };
		C5D02F021AE085B000C201A5 /* camera_dark@2x.png in Resources */ = {isa = PBXBuildFile; fileRef = C5D02EEF1AE085B000C201A5 /* camera_dark@2x.png */; };
		C5D02F031AE085B000C201A5 /* camera_dark@3x.png in Resources */ = {isa = PBXBuildFile; fileRef = C5D02EF01AE085B000C201A5 /* camera_dark@3x.png */; };
		C5D02F041AE085B000C201A5 /* chevron.png in Resources */ = {isa = PBXBuildFile; fileRef = C5D02EF11AE085B000C201A5 /* chevron.png */; };
		C5D02F051AE085B000C201A5 /* chevron@2x.png in Resources */ = {isa = PBXBuildFile; fileRef = C5D02EF21AE085B000C201A5 /* chevron@2x.png */; };
		C5D02F061AE085B000C201A5 /* chevron@3x.png in Resources */ = {isa = PBXBuildFile; fileRef = C5D02EF31AE085B000C201A5 /* chevron@3x.png */; };
		C5D02F071AE085B000C201A5 /* layerbell.caf in Resources */ = {isa = PBXBuildFile; fileRef = C5D02EF41AE085B000C201A5 /* layerbell.caf */; };
		C5D02F081AE085B000C201A5 /* layerLogo.png in Resources */ = {isa = PBXBuildFile; fileRef = C5D02EF51AE085B000C201A5 /* layerLogo.png */; };
		C5D02F091AE085B000C201A5 /* layerLogo@2x.png in Resources */ = {isa = PBXBuildFile; fileRef = C5D02EF61AE085B000C201A5 /* layerLogo@2x.png */; };
		C5D02F0A1AE085B000C201A5 /* layerLogo@3x.png in Resources */ = {isa = PBXBuildFile; fileRef = C5D02EF71AE085B000C201A5 /* layerLogo@3x.png */; };
		C5D02F0B1AE085B000C201A5 /* location_dark.png in Resources */ = {isa = PBXBuildFile; fileRef = C5D02EF81AE085B000C201A5 /* location_dark.png */; };
		C5D02F0C1AE085B000C201A5 /* location_dark@2x.png in Resources */ = {isa = PBXBuildFile; fileRef = C5D02EF91AE085B000C201A5 /* location_dark@2x.png */; };
		C5D02F0D1AE085B000C201A5 /* location_dark@3x.png in Resources */ = {isa = PBXBuildFile; fileRef = C5D02EFA1AE085B000C201A5 /* location_dark@3x.png */; };
		C5D02F0E1AE085B000C201A5 /* plus.png in Resources */ = {isa = PBXBuildFile; fileRef = C5D02EFB1AE085B000C201A5 /* plus.png */; };
		C5D02F0F1AE085B000C201A5 /* plus@2x.png in Resources */ = {isa = PBXBuildFile; fileRef = C5D02EFC1AE085B000C201A5 /* plus@2x.png */; };
		C5D02F101AE085B000C201A5 /* plus@3x.png in Resources */ = {isa = PBXBuildFile; fileRef = C5D02EFD1AE085B000C201A5 /* plus@3x.png */; };
		C5D02F131AE085E800C201A5 /* CoreLocation.framework in Frameworks */ = {isa = PBXBuildFile; fileRef = C5D02F121AE085E800C201A5 /* CoreLocation.framework */; };
		C5D32C1D1ADC829D001635AF /* SWRevealViewController.m in Sources */ = {isa = PBXBuildFile; fileRef = C5EFBDE01AABD6C4000029C3 /* SWRevealViewController.m */; };
		C5EFBDDB1AABD4CD000029C3 /* MenuTableViewController.swift in Sources */ = {isa = PBXBuildFile; fileRef = C5EFBDDA1AABD4CD000029C3 /* MenuTableViewController.swift */; };
/* End PBXBuildFile section */

/* Begin PBXContainerItemProxy section */
		C5C70DD21AA68EDE00BE0753 /* PBXContainerItemProxy */ = {
			isa = PBXContainerItemProxy;
			containerPortal = C5C70DB41AA68EDE00BE0753 /* Project object */;
			proxyType = 1;
			remoteGlobalIDString = C5C70DBB1AA68EDE00BE0753;
			remoteInfo = conduit;
		};
/* End PBXContainerItemProxy section */

/* Begin PBXFileReference section */
		029CF3145B10E87BC18DAB8A /* Pods.debug.xcconfig */ = {isa = PBXFileReference; includeInIndex = 1; lastKnownFileType = text.xcconfig; name = Pods.debug.xcconfig; path = "Pods/Target Support Files/Pods/Pods.debug.xcconfig"; sourceTree = "<group>"; };
		B535E4011AFDED0E0048E891 /* images.xcassets */ = {isa = PBXFileReference; lastKnownFileType = folder.assetcatalog; path = images.xcassets; sourceTree = "<group>"; };
		B54FF8F11AB04B3100450107 /* ConversationListViewController.swift */ = {isa = PBXFileReference; fileEncoding = 4; lastKnownFileType = sourcecode.swift; path = ConversationListViewController.swift; sourceTree = "<group>"; };
		B54FF8F51ACD288200450107 /* SettingsViewController.swift */ = {isa = PBXFileReference; fileEncoding = 4; lastKnownFileType = sourcecode.swift; path = SettingsViewController.swift; sourceTree = "<group>"; };
		B54FF8F71ACDE90A00450107 /* CarManagementView.swift */ = {isa = PBXFileReference; fileEncoding = 4; lastKnownFileType = sourcecode.swift; path = CarManagementView.swift; sourceTree = "<group>"; };
		B55805F71AE6CF7300EB5512 /* ConfirmPasswordViewController.swift */ = {isa = PBXFileReference; fileEncoding = 4; lastKnownFileType = sourcecode.swift; path = ConfirmPasswordViewController.swift; sourceTree = "<group>"; };
		B57334161AABDB8100363B5C /* CreateAccountController.swift */ = {isa = PBXFileReference; fileEncoding = 4; lastKnownFileType = sourcecode.swift; path = CreateAccountController.swift; sourceTree = "<group>"; };
		B58C3F481AF0CA4C002311EE /* ChangeNameViewController.swift */ = {isa = PBXFileReference; fileEncoding = 4; lastKnownFileType = sourcecode.swift; path = ChangeNameViewController.swift; sourceTree = "<group>"; };
		B58C3F4A1AF0CA5C002311EE /* ChangeEmailViewController.swift */ = {isa = PBXFileReference; fileEncoding = 4; lastKnownFileType = sourcecode.swift; path = ChangeEmailViewController.swift; sourceTree = "<group>"; };
		B58C3F4E1AF40ECE002311EE /* PhoneSettingsViewController.swift */ = {isa = PBXFileReference; fileEncoding = 4; lastKnownFileType = sourcecode.swift; path = PhoneSettingsViewController.swift; sourceTree = "<group>"; };
		B58FD9B21ACE67B5005B8648 /* ChangePasswordView.swift */ = {isa = PBXFileReference; fileEncoding = 4; lastKnownFileType = sourcecode.swift; path = ChangePasswordView.swift; sourceTree = "<group>"; };
		BD04036A1AFAA14C009F1437 /* CoreData.framework */ = {isa = PBXFileReference; lastKnownFileType = wrapper.framework; name = CoreData.framework; path = System/Library/Frameworks/CoreData.framework; sourceTree = SDKROOT; };
		BD04036C1AFAA15C009F1437 /* libz.dylib */ = {isa = PBXFileReference; lastKnownFileType = "compiled.mach-o.dylib"; name = libz.dylib; path = usr/lib/libz.dylib; sourceTree = SDKROOT; };
		BD04036E1AFAA16F009F1437 /* libGoogleAnalyticsServices.a */ = {isa = PBXFileReference; lastKnownFileType = archive.ar; name = libGoogleAnalyticsServices.a; path = "Pods/GoogleAnalytics-iOS-SDK/libGoogleAnalyticsServices.a"; sourceTree = "<group>"; };
		BD0403721AFAA25C009F1437 /* libsqlite3.dylib */ = {isa = PBXFileReference; lastKnownFileType = "compiled.mach-o.dylib"; name = libsqlite3.dylib; path = usr/lib/libsqlite3.dylib; sourceTree = SDKROOT; };
		BD19A1BE1AFA065B00015E34 /* AddCarViewController.swift */ = {isa = PBXFileReference; fileEncoding = 4; lastKnownFileType = sourcecode.swift; path = AddCarViewController.swift; sourceTree = "<group>"; };
		BD5140F11B0139F600C5F311 /* Twitter_logo_blue.png */ = {isa = PBXFileReference; lastKnownFileType = image.png; path = Twitter_logo_blue.png; sourceTree = "<group>"; };
		BD5140F31B013A0600C5F311 /* FB-f-Logo__blue_144.png */ = {isa = PBXFileReference; lastKnownFileType = image.png; path = "FB-f-Logo__blue_144.png"; sourceTree = "<group>"; };
		BD5140F51B013A0F00C5F311 /* background_image.png */ = {isa = PBXFileReference; lastKnownFileType = image.png; path = background_image.png; sourceTree = "<group>"; };
		BD7039661AF9FC32009E87D8 /* ErrorHelpers.swift */ = {isa = PBXFileReference; fileEncoding = 4; lastKnownFileType = sourcecode.swift; path = ErrorHelpers.swift; sourceTree = "<group>"; };
		BD7381101AFCBAEE00B870AB /* SourceSansPro-Light.ttf */ = {isa = PBXFileReference; lastKnownFileType = file; path = "SourceSansPro-Light.ttf"; sourceTree = "<group>"; };
		BD8027A21AFC3A0100E280A9 /* AnalyticsHelper.swift */ = {isa = PBXFileReference; fileEncoding = 4; lastKnownFileType = sourcecode.swift; path = AnalyticsHelper.swift; sourceTree = "<group>"; };
		BDB898401AEC3301007E8FE1 /* InviteFriendsViewController.swift */ = {isa = PBXFileReference; fileEncoding = 4; lastKnownFileType = sourcecode.swift; path = InviteFriendsViewController.swift; sourceTree = "<group>"; };
		BDD28DC21ACDDD4E001B031D /* ConversationViewController.swift */ = {isa = PBXFileReference; fileEncoding = 4; lastKnownFileType = sourcecode.swift; path = ConversationViewController.swift; sourceTree = "<group>"; };
		BDE4EB5E1AAC2A8900588511 /* LoginViewController.swift */ = {isa = PBXFileReference; fileEncoding = 4; lastKnownFileType = sourcecode.swift; path = LoginViewController.swift; sourceTree = "<group>"; };
		BDE4EB641AAC44FB00588511 /* NewMessageViewController.swift */ = {isa = PBXFileReference; fileEncoding = 4; lastKnownFileType = sourcecode.swift; path = NewMessageViewController.swift; sourceTree = "<group>"; };
		BDEB2DE71AD4A41E008C91C2 /* Style.swift */ = {isa = PBXFileReference; fileEncoding = 4; lastKnownFileType = sourcecode.swift; path = Style.swift; sourceTree = "<group>"; };
		C531B20E1B04115F009453D4 /* Fabric.framework */ = {isa = PBXFileReference; lastKnownFileType = wrapper.framework; path = Fabric.framework; sourceTree = "<group>"; };
		C531B20F1B04115F009453D4 /* Crashlytics.framework */ = {isa = PBXFileReference; lastKnownFileType = wrapper.framework; path = Crashlytics.framework; sourceTree = "<group>"; };
		C53B9CE71AD1E57500BEFA88 /* conduit-Bridging-Header.h */ = {isa = PBXFileReference; fileEncoding = 4; lastKnownFileType = sourcecode.c.h; path = "conduit-Bridging-Header.h"; sourceTree = "<group>"; };
		C53B9CED1AD2046A00BEFA88 /* LayerKit.framework */ = {isa = PBXFileReference; lastKnownFileType = wrapper.framework; path = LayerKit.framework; sourceTree = "<group>"; };
		C53B9CEF1AD2046A00BEFA88 /* layer-client-messaging-schema.bundle */ = {isa = PBXFileReference; lastKnownFileType = "wrapper.plug-in"; path = "layer-client-messaging-schema.bundle"; sourceTree = "<group>"; };
		C53B9CF21AD2048D00BEFA88 /* SystemConfiguration.framework */ = {isa = PBXFileReference; lastKnownFileType = wrapper.framework; name = SystemConfiguration.framework; path = System/Library/Frameworks/SystemConfiguration.framework; sourceTree = SDKROOT; };
		C53B9CF41AD2049400BEFA88 /* CFNetwork.framework */ = {isa = PBXFileReference; lastKnownFileType = wrapper.framework; name = CFNetwork.framework; path = System/Library/Frameworks/CFNetwork.framework; sourceTree = SDKROOT; };
		C53B9CF61AD2049B00BEFA88 /* MobileCoreServices.framework */ = {isa = PBXFileReference; lastKnownFileType = wrapper.framework; name = MobileCoreServices.framework; path = System/Library/Frameworks/MobileCoreServices.framework; sourceTree = SDKROOT; };
		C53B9CF81AD204A200BEFA88 /* Security.framework */ = {isa = PBXFileReference; lastKnownFileType = wrapper.framework; name = Security.framework; path = System/Library/Frameworks/Security.framework; sourceTree = SDKROOT; };
		C53CE0D71AFC67A30071A4C4 /* Main.storyboard */ = {isa = PBXFileReference; fileEncoding = 4; lastKnownFileType = file.storyboard; path = Main.storyboard; sourceTree = "<group>"; };
		C53CE0D91AFC67AF0071A4C4 /* LaunchScreen.xib */ = {isa = PBXFileReference; fileEncoding = 4; lastKnownFileType = file.xib; path = LaunchScreen.xib; sourceTree = "<group>"; };
		C53CE0DB1AFC68620071A4C4 /* LicenseInputController.swift */ = {isa = PBXFileReference; fileEncoding = 4; lastKnownFileType = sourcecode.swift; path = LicenseInputController.swift; sourceTree = "<group>"; };
		C56BFC991ABA92430074FCAA /* APIModel.swift */ = {isa = PBXFileReference; fileEncoding = 4; lastKnownFileType = sourcecode.swift; path = APIModel.swift; sourceTree = "<group>"; };
		C56BFC9B1ABA94F40074FCAA /* User.swift */ = {isa = PBXFileReference; fileEncoding = 4; lastKnownFileType = sourcecode.swift; path = User.swift; sourceTree = "<group>"; };
		C56BFC9D1ABAA1FF0074FCAA /* Car.swift */ = {isa = PBXFileReference; fileEncoding = 4; lastKnownFileType = sourcecode.swift; path = Car.swift; sourceTree = "<group>"; };
		C56BFC9F1ABAA2330074FCAA /* Conversation.swift */ = {isa = PBXFileReference; fileEncoding = 4; lastKnownFileType = sourcecode.swift; path = Conversation.swift; sourceTree = "<group>"; };
		C56BFCA11ABAA2400074FCAA /* Message.swift */ = {isa = PBXFileReference; fileEncoding = 4; lastKnownFileType = sourcecode.swift; path = Message.swift; sourceTree = "<group>"; };
		C5762AC61AEF64FE00275E89 /* WelcomeViewController.swift */ = {isa = PBXFileReference; fileEncoding = 4; lastKnownFileType = sourcecode.swift; path = WelcomeViewController.swift; sourceTree = "<group>"; };
		C5AA6A791ACC658F00FE9586 /* ConduitPlayground.playground */ = {isa = PBXFileReference; lastKnownFileType = file.playground; path = ConduitPlayground.playground; sourceTree = "<group>"; };
		C5B7FC961AE7008A001F6E9C /* DataStore.swift */ = {isa = PBXFileReference; fileEncoding = 4; lastKnownFileType = sourcecode.swift; path = DataStore.swift; sourceTree = "<group>"; };
		C5C70DBC1AA68EDE00BE0753 /* conduit.app */ = {isa = PBXFileReference; explicitFileType = wrapper.application; includeInIndex = 0; path = conduit.app; sourceTree = BUILT_PRODUCTS_DIR; };
		C5C70DC01AA68EDE00BE0753 /* Info.plist */ = {isa = PBXFileReference; lastKnownFileType = text.plist.xml; path = Info.plist; sourceTree = "<group>"; };
		C5C70DC11AA68EDE00BE0753 /* AppDelegate.swift */ = {isa = PBXFileReference; lastKnownFileType = sourcecode.swift; path = AppDelegate.swift; sourceTree = "<group>"; };
		C5C70DD11AA68EDE00BE0753 /* conduitTests.xctest */ = {isa = PBXFileReference; explicitFileType = wrapper.cfbundle; includeInIndex = 0; path = conduitTests.xctest; sourceTree = BUILT_PRODUCTS_DIR; };
		C5C70DD61AA68EDE00BE0753 /* Info.plist */ = {isa = PBXFileReference; lastKnownFileType = text.plist.xml; path = Info.plist; sourceTree = "<group>"; };
		C5C70DD71AA68EDE00BE0753 /* conduitTests.swift */ = {isa = PBXFileReference; lastKnownFileType = sourcecode.swift; path = conduitTests.swift; sourceTree = "<group>"; };
		C5D02E711ADD9F2F00C201A5 /* CustomSegues.swift */ = {isa = PBXFileReference; fileEncoding = 4; lastKnownFileType = sourcecode.swift; path = CustomSegues.swift; sourceTree = "<group>"; };
		C5D02E741AE085A300C201A5 /* Atlas.h */ = {isa = PBXFileReference; fileEncoding = 4; lastKnownFileType = sourcecode.c.h; path = Atlas.h; sourceTree = "<group>"; };
		C5D02E751AE085A300C201A5 /* Atlas.m */ = {isa = PBXFileReference; fileEncoding = 4; lastKnownFileType = sourcecode.c.objc; path = Atlas.m; sourceTree = "<group>"; };
		C5D02E771AE085A300C201A5 /* ATLAddressBarViewController.h */ = {isa = PBXFileReference; fileEncoding = 4; lastKnownFileType = sourcecode.c.h; path = ATLAddressBarViewController.h; sourceTree = "<group>"; };
		C5D02E781AE085A300C201A5 /* ATLAddressBarViewController.m */ = {isa = PBXFileReference; fileEncoding = 4; lastKnownFileType = sourcecode.c.objc; path = ATLAddressBarViewController.m; sourceTree = "<group>"; };
		C5D02E791AE085A300C201A5 /* ATLBaseConversationViewController.h */ = {isa = PBXFileReference; fileEncoding = 4; lastKnownFileType = sourcecode.c.h; path = ATLBaseConversationViewController.h; sourceTree = "<group>"; };
		C5D02E7A1AE085A300C201A5 /* ATLBaseConversationViewController.m */ = {isa = PBXFileReference; fileEncoding = 4; lastKnownFileType = sourcecode.c.objc; path = ATLBaseConversationViewController.m; sourceTree = "<group>"; };
		C5D02E7B1AE085A300C201A5 /* ATLConversationListViewController.h */ = {isa = PBXFileReference; fileEncoding = 4; lastKnownFileType = sourcecode.c.h; path = ATLConversationListViewController.h; sourceTree = "<group>"; };
		C5D02E7C1AE085A300C201A5 /* ATLConversationListViewController.m */ = {isa = PBXFileReference; fileEncoding = 4; lastKnownFileType = sourcecode.c.objc; path = ATLConversationListViewController.m; sourceTree = "<group>"; };
		C5D02E7D1AE085A300C201A5 /* ATLConversationViewController.h */ = {isa = PBXFileReference; fileEncoding = 4; lastKnownFileType = sourcecode.c.h; path = ATLConversationViewController.h; sourceTree = "<group>"; };
		C5D02E7E1AE085A300C201A5 /* ATLConversationViewController.m */ = {isa = PBXFileReference; fileEncoding = 4; lastKnownFileType = sourcecode.c.objc; path = ATLConversationViewController.m; sourceTree = "<group>"; };
		C5D02E7F1AE085A300C201A5 /* ATLParticipantTableViewController.h */ = {isa = PBXFileReference; fileEncoding = 4; lastKnownFileType = sourcecode.c.h; path = ATLParticipantTableViewController.h; sourceTree = "<group>"; };
		C5D02E801AE085A300C201A5 /* ATLParticipantTableViewController.m */ = {isa = PBXFileReference; fileEncoding = 4; lastKnownFileType = sourcecode.c.objc; path = ATLParticipantTableViewController.m; sourceTree = "<group>"; };
		C5D02E811AE085A300C201A5 /* ATLTypingIndicatorViewController.h */ = {isa = PBXFileReference; fileEncoding = 4; lastKnownFileType = sourcecode.c.h; path = ATLTypingIndicatorViewController.h; sourceTree = "<group>"; };
		C5D02E821AE085A300C201A5 /* ATLTypingIndicatorViewController.m */ = {isa = PBXFileReference; fileEncoding = 4; lastKnownFileType = sourcecode.c.objc; path = ATLTypingIndicatorViewController.m; sourceTree = "<group>"; };
		C5D02E841AE085A300C201A5 /* ATLConversationDataSource.h */ = {isa = PBXFileReference; fileEncoding = 4; lastKnownFileType = sourcecode.c.h; path = ATLConversationDataSource.h; sourceTree = "<group>"; };
		C5D02E851AE085A300C201A5 /* ATLConversationDataSource.m */ = {isa = PBXFileReference; fileEncoding = 4; lastKnownFileType = sourcecode.c.objc; path = ATLConversationDataSource.m; sourceTree = "<group>"; };
		C5D02E861AE085A300C201A5 /* ATLDataSourceChange.h */ = {isa = PBXFileReference; fileEncoding = 4; lastKnownFileType = sourcecode.c.h; path = ATLDataSourceChange.h; sourceTree = "<group>"; };
		C5D02E871AE085A300C201A5 /* ATLDataSourceChange.m */ = {isa = PBXFileReference; fileEncoding = 4; lastKnownFileType = sourcecode.c.objc; path = ATLDataSourceChange.m; sourceTree = "<group>"; };
		C5D02E881AE085A300C201A5 /* ATLMediaAttachment.h */ = {isa = PBXFileReference; fileEncoding = 4; lastKnownFileType = sourcecode.c.h; path = ATLMediaAttachment.h; sourceTree = "<group>"; };
		C5D02E891AE085A300C201A5 /* ATLMediaAttachment.m */ = {isa = PBXFileReference; fileEncoding = 4; lastKnownFileType = sourcecode.c.objc; path = ATLMediaAttachment.m; sourceTree = "<group>"; };
		C5D02E8A1AE085A300C201A5 /* ATLParticipantTableDataSet.h */ = {isa = PBXFileReference; fileEncoding = 4; lastKnownFileType = sourcecode.c.h; path = ATLParticipantTableDataSet.h; sourceTree = "<group>"; };
		C5D02E8B1AE085A300C201A5 /* ATLParticipantTableDataSet.m */ = {isa = PBXFileReference; fileEncoding = 4; lastKnownFileType = sourcecode.c.objc; path = ATLParticipantTableDataSet.m; sourceTree = "<group>"; };
		C5D02E8D1AE085A300C201A5 /* ATLAvatarItem.h */ = {isa = PBXFileReference; fileEncoding = 4; lastKnownFileType = sourcecode.c.h; path = ATLAvatarItem.h; sourceTree = "<group>"; };
		C5D02E8E1AE085A300C201A5 /* ATLConversationPresenting.h */ = {isa = PBXFileReference; fileEncoding = 4; lastKnownFileType = sourcecode.c.h; path = ATLConversationPresenting.h; sourceTree = "<group>"; };
		C5D02E8F1AE085A300C201A5 /* ATLMessagePresenting.h */ = {isa = PBXFileReference; fileEncoding = 4; lastKnownFileType = sourcecode.c.h; path = ATLMessagePresenting.h; sourceTree = "<group>"; };
		C5D02E901AE085A300C201A5 /* ATLParticipant.h */ = {isa = PBXFileReference; fileEncoding = 4; lastKnownFileType = sourcecode.c.h; path = ATLParticipant.h; sourceTree = "<group>"; };
		C5D02E911AE085A300C201A5 /* ATLParticipantPresenting.h */ = {isa = PBXFileReference; fileEncoding = 4; lastKnownFileType = sourcecode.c.h; path = ATLParticipantPresenting.h; sourceTree = "<group>"; };
		C5D02E931AE085A300C201A5 /* ATLConstants.h */ = {isa = PBXFileReference; fileEncoding = 4; lastKnownFileType = sourcecode.c.h; path = ATLConstants.h; sourceTree = "<group>"; };
		C5D02E941AE085A300C201A5 /* ATLConstants.m */ = {isa = PBXFileReference; fileEncoding = 4; lastKnownFileType = sourcecode.c.objc; path = ATLConstants.m; sourceTree = "<group>"; };
		C5D02E951AE085A300C201A5 /* ATLErrors.h */ = {isa = PBXFileReference; fileEncoding = 4; lastKnownFileType = sourcecode.c.h; path = ATLErrors.h; sourceTree = "<group>"; };
		C5D02E961AE085A300C201A5 /* ATLErrors.m */ = {isa = PBXFileReference; fileEncoding = 4; lastKnownFileType = sourcecode.c.objc; path = ATLErrors.m; sourceTree = "<group>"; };
		C5D02E971AE085A300C201A5 /* ATLLocationManager.h */ = {isa = PBXFileReference; fileEncoding = 4; lastKnownFileType = sourcecode.c.h; path = ATLLocationManager.h; sourceTree = "<group>"; };
		C5D02E981AE085A300C201A5 /* ATLLocationManager.m */ = {isa = PBXFileReference; fileEncoding = 4; lastKnownFileType = sourcecode.c.objc; path = ATLLocationManager.m; sourceTree = "<group>"; };
		C5D02E991AE085A300C201A5 /* ATLMediaInputStream.h */ = {isa = PBXFileReference; fileEncoding = 4; lastKnownFileType = sourcecode.c.h; path = ATLMediaInputStream.h; sourceTree = "<group>"; };
		C5D02E9A1AE085A300C201A5 /* ATLMediaInputStream.m */ = {isa = PBXFileReference; fileEncoding = 4; lastKnownFileType = sourcecode.c.objc; path = ATLMediaInputStream.m; sourceTree = "<group>"; };
		C5D02E9B1AE085A300C201A5 /* ATLMessagingUtilities.h */ = {isa = PBXFileReference; fileEncoding = 4; lastKnownFileType = sourcecode.c.h; path = ATLMessagingUtilities.h; sourceTree = "<group>"; };
		C5D02E9C1AE085A300C201A5 /* ATLMessagingUtilities.m */ = {isa = PBXFileReference; fileEncoding = 4; lastKnownFileType = sourcecode.c.objc; path = ATLMessagingUtilities.m; sourceTree = "<group>"; };
		C5D02E9D1AE085A300C201A5 /* ATLUIImageHelper.h */ = {isa = PBXFileReference; fileEncoding = 4; lastKnownFileType = sourcecode.c.h; path = ATLUIImageHelper.h; sourceTree = "<group>"; };
		C5D02E9E1AE085A300C201A5 /* ATLUIImageHelper.m */ = {isa = PBXFileReference; fileEncoding = 4; lastKnownFileType = sourcecode.c.objc; path = ATLUIImageHelper.m; sourceTree = "<group>"; };
		C5D02EA01AE085A300C201A5 /* ATLAddressBarContainerView.h */ = {isa = PBXFileReference; fileEncoding = 4; lastKnownFileType = sourcecode.c.h; path = ATLAddressBarContainerView.h; sourceTree = "<group>"; };
		C5D02EA11AE085A300C201A5 /* ATLAddressBarContainerView.m */ = {isa = PBXFileReference; fileEncoding = 4; lastKnownFileType = sourcecode.c.objc; path = ATLAddressBarContainerView.m; sourceTree = "<group>"; };
		C5D02EA21AE085A300C201A5 /* ATLAddressBarTextView.h */ = {isa = PBXFileReference; fileEncoding = 4; lastKnownFileType = sourcecode.c.h; path = ATLAddressBarTextView.h; sourceTree = "<group>"; };
		C5D02EA31AE085A300C201A5 /* ATLAddressBarTextView.m */ = {isa = PBXFileReference; fileEncoding = 4; lastKnownFileType = sourcecode.c.objc; path = ATLAddressBarTextView.m; sourceTree = "<group>"; };
		C5D02EA41AE085A300C201A5 /* ATLAddressBarView.h */ = {isa = PBXFileReference; fileEncoding = 4; lastKnownFileType = sourcecode.c.h; path = ATLAddressBarView.h; sourceTree = "<group>"; };
		C5D02EA51AE085A300C201A5 /* ATLAddressBarView.m */ = {isa = PBXFileReference; fileEncoding = 4; lastKnownFileType = sourcecode.c.objc; path = ATLAddressBarView.m; sourceTree = "<group>"; };
		C5D02EA61AE085A300C201A5 /* ATLAvatarImageView.h */ = {isa = PBXFileReference; fileEncoding = 4; lastKnownFileType = sourcecode.c.h; path = ATLAvatarImageView.h; sourceTree = "<group>"; };
		C5D02EA71AE085A300C201A5 /* ATLAvatarImageView.m */ = {isa = PBXFileReference; fileEncoding = 4; lastKnownFileType = sourcecode.c.objc; path = ATLAvatarImageView.m; sourceTree = "<group>"; };
		C5D02EA81AE085A300C201A5 /* ATLConversationCollectionView.h */ = {isa = PBXFileReference; fileEncoding = 4; lastKnownFileType = sourcecode.c.h; path = ATLConversationCollectionView.h; sourceTree = "<group>"; };
		C5D02EA91AE085A300C201A5 /* ATLConversationCollectionView.m */ = {isa = PBXFileReference; fileEncoding = 4; lastKnownFileType = sourcecode.c.objc; path = ATLConversationCollectionView.m; sourceTree = "<group>"; };
		C5D02EAA1AE085A300C201A5 /* ATLConversationCollectionViewFooter.h */ = {isa = PBXFileReference; fileEncoding = 4; lastKnownFileType = sourcecode.c.h; path = ATLConversationCollectionViewFooter.h; sourceTree = "<group>"; };
		C5D02EAB1AE085A300C201A5 /* ATLConversationCollectionViewFooter.m */ = {isa = PBXFileReference; fileEncoding = 4; lastKnownFileType = sourcecode.c.objc; path = ATLConversationCollectionViewFooter.m; sourceTree = "<group>"; };
		C5D02EAC1AE085A300C201A5 /* ATLConversationCollectionViewHeader.h */ = {isa = PBXFileReference; fileEncoding = 4; lastKnownFileType = sourcecode.c.h; path = ATLConversationCollectionViewHeader.h; sourceTree = "<group>"; };
		C5D02EAD1AE085A300C201A5 /* ATLConversationCollectionViewHeader.m */ = {isa = PBXFileReference; fileEncoding = 4; lastKnownFileType = sourcecode.c.objc; path = ATLConversationCollectionViewHeader.m; sourceTree = "<group>"; };
		C5D02EAE1AE085A300C201A5 /* ATLConversationCollectionViewMoreMessagesHeader.h */ = {isa = PBXFileReference; fileEncoding = 4; lastKnownFileType = sourcecode.c.h; path = ATLConversationCollectionViewMoreMessagesHeader.h; sourceTree = "<group>"; };
		C5D02EAF1AE085A300C201A5 /* ATLConversationCollectionViewMoreMessagesHeader.m */ = {isa = PBXFileReference; fileEncoding = 4; lastKnownFileType = sourcecode.c.objc; path = ATLConversationCollectionViewMoreMessagesHeader.m; sourceTree = "<group>"; };
		C5D02EB01AE085A300C201A5 /* ATLConversationTableViewCell.h */ = {isa = PBXFileReference; fileEncoding = 4; lastKnownFileType = sourcecode.c.h; path = ATLConversationTableViewCell.h; sourceTree = "<group>"; };
		C5D02EB11AE085A300C201A5 /* ATLConversationTableViewCell.m */ = {isa = PBXFileReference; fileEncoding = 4; lastKnownFileType = sourcecode.c.objc; path = ATLConversationTableViewCell.m; sourceTree = "<group>"; };
		C5D02EB21AE085A300C201A5 /* ATLConversationView.h */ = {isa = PBXFileReference; fileEncoding = 4; lastKnownFileType = sourcecode.c.h; path = ATLConversationView.h; sourceTree = "<group>"; };
		C5D02EB31AE085A300C201A5 /* ATLConversationView.m */ = {isa = PBXFileReference; fileEncoding = 4; lastKnownFileType = sourcecode.c.objc; path = ATLConversationView.m; sourceTree = "<group>"; };
		C5D02EB41AE085A300C201A5 /* ATLIncomingMessageCollectionViewCell.h */ = {isa = PBXFileReference; fileEncoding = 4; lastKnownFileType = sourcecode.c.h; path = ATLIncomingMessageCollectionViewCell.h; sourceTree = "<group>"; };
		C5D02EB51AE085A300C201A5 /* ATLIncomingMessageCollectionViewCell.m */ = {isa = PBXFileReference; fileEncoding = 4; lastKnownFileType = sourcecode.c.objc; path = ATLIncomingMessageCollectionViewCell.m; sourceTree = "<group>"; };
		C5D02EB61AE085A300C201A5 /* ATLMessageBubbleView.h */ = {isa = PBXFileReference; fileEncoding = 4; lastKnownFileType = sourcecode.c.h; path = ATLMessageBubbleView.h; sourceTree = "<group>"; };
		C5D02EB71AE085A300C201A5 /* ATLMessageBubbleView.m */ = {isa = PBXFileReference; fileEncoding = 4; lastKnownFileType = sourcecode.c.objc; path = ATLMessageBubbleView.m; sourceTree = "<group>"; };
		C5D02EB81AE085A300C201A5 /* ATLMessageCollectionViewCell.h */ = {isa = PBXFileReference; fileEncoding = 4; lastKnownFileType = sourcecode.c.h; path = ATLMessageCollectionViewCell.h; sourceTree = "<group>"; };
		C5D02EB91AE085A300C201A5 /* ATLMessageCollectionViewCell.m */ = {isa = PBXFileReference; fileEncoding = 4; lastKnownFileType = sourcecode.c.objc; path = ATLMessageCollectionViewCell.m; sourceTree = "<group>"; };
		C5D02EBA1AE085A300C201A5 /* ATLMessageComposeTextView.h */ = {isa = PBXFileReference; fileEncoding = 4; lastKnownFileType = sourcecode.c.h; path = ATLMessageComposeTextView.h; sourceTree = "<group>"; };
		C5D02EBB1AE085A300C201A5 /* ATLMessageComposeTextView.m */ = {isa = PBXFileReference; fileEncoding = 4; lastKnownFileType = sourcecode.c.objc; path = ATLMessageComposeTextView.m; sourceTree = "<group>"; };
		C5D02EBC1AE085A300C201A5 /* ATLMessageInputToolbar.h */ = {isa = PBXFileReference; fileEncoding = 4; lastKnownFileType = sourcecode.c.h; path = ATLMessageInputToolbar.h; sourceTree = "<group>"; };
		C5D02EBD1AE085A300C201A5 /* ATLMessageInputToolbar.m */ = {isa = PBXFileReference; fileEncoding = 4; lastKnownFileType = sourcecode.c.objc; path = ATLMessageInputToolbar.m; sourceTree = "<group>"; };
		C5D02EBE1AE085A300C201A5 /* ATLOutgoingMessageCollectionViewCell.h */ = {isa = PBXFileReference; fileEncoding = 4; lastKnownFileType = sourcecode.c.h; path = ATLOutgoingMessageCollectionViewCell.h; sourceTree = "<group>"; };
		C5D02EBF1AE085A300C201A5 /* ATLOutgoingMessageCollectionViewCell.m */ = {isa = PBXFileReference; fileEncoding = 4; lastKnownFileType = sourcecode.c.objc; path = ATLOutgoingMessageCollectionViewCell.m; sourceTree = "<group>"; };
		C5D02EC01AE085A300C201A5 /* ATLParticipantSectionHeaderView.h */ = {isa = PBXFileReference; fileEncoding = 4; lastKnownFileType = sourcecode.c.h; path = ATLParticipantSectionHeaderView.h; sourceTree = "<group>"; };
		C5D02EC11AE085A300C201A5 /* ATLParticipantSectionHeaderView.m */ = {isa = PBXFileReference; fileEncoding = 4; lastKnownFileType = sourcecode.c.objc; path = ATLParticipantSectionHeaderView.m; sourceTree = "<group>"; };
		C5D02EC21AE085A300C201A5 /* ATLParticipantTableViewCell.h */ = {isa = PBXFileReference; fileEncoding = 4; lastKnownFileType = sourcecode.c.h; path = ATLParticipantTableViewCell.h; sourceTree = "<group>"; };
		C5D02EC31AE085A300C201A5 /* ATLParticipantTableViewCell.m */ = {isa = PBXFileReference; fileEncoding = 4; lastKnownFileType = sourcecode.c.objc; path = ATLParticipantTableViewCell.m; sourceTree = "<group>"; };
		C5D02EC41AE085A300C201A5 /* ATLProgressView.h */ = {isa = PBXFileReference; fileEncoding = 4; lastKnownFileType = sourcecode.c.h; path = ATLProgressView.h; sourceTree = "<group>"; };
		C5D02EC51AE085A300C201A5 /* ATLProgressView.m */ = {isa = PBXFileReference; fileEncoding = 4; lastKnownFileType = sourcecode.c.objc; path = ATLProgressView.m; sourceTree = "<group>"; };
		C5D02EEB1AE085B000C201A5 /* block.png */ = {isa = PBXFileReference; lastKnownFileType = image.png; path = block.png; sourceTree = "<group>"; };
		C5D02EEC1AE085B000C201A5 /* block@2x.png */ = {isa = PBXFileReference; lastKnownFileType = image.png; path = "block@2x.png"; sourceTree = "<group>"; };
		C5D02EED1AE085B000C201A5 /* block@3x.png */ = {isa = PBXFileReference; lastKnownFileType = image.png; path = "block@3x.png"; sourceTree = "<group>"; };
		C5D02EEE1AE085B000C201A5 /* camera_dark.png */ = {isa = PBXFileReference; lastKnownFileType = image.png; path = camera_dark.png; sourceTree = "<group>"; };
		C5D02EEF1AE085B000C201A5 /* camera_dark@2x.png */ = {isa = PBXFileReference; lastKnownFileType = image.png; path = "camera_dark@2x.png"; sourceTree = "<group>"; };
		C5D02EF01AE085B000C201A5 /* camera_dark@3x.png */ = {isa = PBXFileReference; lastKnownFileType = image.png; path = "camera_dark@3x.png"; sourceTree = "<group>"; };
		C5D02EF11AE085B000C201A5 /* chevron.png */ = {isa = PBXFileReference; lastKnownFileType = image.png; path = chevron.png; sourceTree = "<group>"; };
		C5D02EF21AE085B000C201A5 /* chevron@2x.png */ = {isa = PBXFileReference; lastKnownFileType = image.png; path = "chevron@2x.png"; sourceTree = "<group>"; };
		C5D02EF31AE085B000C201A5 /* chevron@3x.png */ = {isa = PBXFileReference; lastKnownFileType = image.png; path = "chevron@3x.png"; sourceTree = "<group>"; };
		C5D02EF41AE085B000C201A5 /* layerbell.caf */ = {isa = PBXFileReference; lastKnownFileType = file; path = layerbell.caf; sourceTree = "<group>"; };
		C5D02EF51AE085B000C201A5 /* layerLogo.png */ = {isa = PBXFileReference; lastKnownFileType = image.png; path = layerLogo.png; sourceTree = "<group>"; };
		C5D02EF61AE085B000C201A5 /* layerLogo@2x.png */ = {isa = PBXFileReference; lastKnownFileType = image.png; path = "layerLogo@2x.png"; sourceTree = "<group>"; };
		C5D02EF71AE085B000C201A5 /* layerLogo@3x.png */ = {isa = PBXFileReference; lastKnownFileType = image.png; path = "layerLogo@3x.png"; sourceTree = "<group>"; };
		C5D02EF81AE085B000C201A5 /* location_dark.png */ = {isa = PBXFileReference; lastKnownFileType = image.png; path = location_dark.png; sourceTree = "<group>"; };
		C5D02EF91AE085B000C201A5 /* location_dark@2x.png */ = {isa = PBXFileReference; lastKnownFileType = image.png; path = "location_dark@2x.png"; sourceTree = "<group>"; };
		C5D02EFA1AE085B000C201A5 /* location_dark@3x.png */ = {isa = PBXFileReference; lastKnownFileType = image.png; path = "location_dark@3x.png"; sourceTree = "<group>"; };
		C5D02EFB1AE085B000C201A5 /* plus.png */ = {isa = PBXFileReference; lastKnownFileType = image.png; path = plus.png; sourceTree = "<group>"; };
		C5D02EFC1AE085B000C201A5 /* plus@2x.png */ = {isa = PBXFileReference; lastKnownFileType = image.png; path = "plus@2x.png"; sourceTree = "<group>"; };
		C5D02EFD1AE085B000C201A5 /* plus@3x.png */ = {isa = PBXFileReference; lastKnownFileType = image.png; path = "plus@3x.png"; sourceTree = "<group>"; };
		C5D02F121AE085E800C201A5 /* CoreLocation.framework */ = {isa = PBXFileReference; lastKnownFileType = wrapper.framework; name = CoreLocation.framework; path = System/Library/Frameworks/CoreLocation.framework; sourceTree = SDKROOT; };
		C5EFBDDA1AABD4CD000029C3 /* MenuTableViewController.swift */ = {isa = PBXFileReference; fileEncoding = 4; lastKnownFileType = sourcecode.swift; path = MenuTableViewController.swift; sourceTree = "<group>"; };
		C5EFBDDF1AABD6C4000029C3 /* SWRevealViewController.h */ = {isa = PBXFileReference; fileEncoding = 4; lastKnownFileType = sourcecode.c.h; path = SWRevealViewController.h; sourceTree = "<group>"; };
		C5EFBDE01AABD6C4000029C3 /* SWRevealViewController.m */ = {isa = PBXFileReference; fileEncoding = 4; lastKnownFileType = sourcecode.c.objc; path = SWRevealViewController.m; sourceTree = "<group>"; };
		CBA459C56B136A1775EDB032 /* Pods.release.xcconfig */ = {isa = PBXFileReference; includeInIndex = 1; lastKnownFileType = text.xcconfig; name = Pods.release.xcconfig; path = "Pods/Target Support Files/Pods/Pods.release.xcconfig"; sourceTree = "<group>"; };
		EFCCECC06C9C564191EED71E /* Pods.framework */ = {isa = PBXFileReference; explicitFileType = wrapper.framework; includeInIndex = 0; path = Pods.framework; sourceTree = BUILT_PRODUCTS_DIR; };
/* End PBXFileReference section */

/* Begin PBXFrameworksBuildPhase section */
		C5C70DB91AA68EDE00BE0753 /* Frameworks */ = {
			isa = PBXFrameworksBuildPhase;
			buildActionMask = 2147483647;
			files = (
				BD0403731AFAA25C009F1437 /* libsqlite3.dylib in Frameworks */,
				BD0403711AFAA210009F1437 /* libGoogleAnalyticsServices.a in Frameworks */,
				C531B2111B04115F009453D4 /* Crashlytics.framework in Frameworks */,
				BD04036D1AFAA15C009F1437 /* libz.dylib in Frameworks */,
				BD04036B1AFAA14C009F1437 /* CoreData.framework in Frameworks */,
				C5D02F131AE085E800C201A5 /* CoreLocation.framework in Frameworks */,
				C53B9CF91AD204A200BEFA88 /* Security.framework in Frameworks */,
				C53B9CF71AD2049B00BEFA88 /* MobileCoreServices.framework in Frameworks */,
				C53B9CF51AD2049400BEFA88 /* CFNetwork.framework in Frameworks */,
				C53B9CF31AD2048D00BEFA88 /* SystemConfiguration.framework in Frameworks */,
				9C5DB7A458806B50D7333057 /* Pods.framework in Frameworks */,
				C53B9CF01AD2046A00BEFA88 /* LayerKit.framework in Frameworks */,
				C531B2101B04115F009453D4 /* Fabric.framework in Frameworks */,
			);
			runOnlyForDeploymentPostprocessing = 0;
		};
		C5C70DCE1AA68EDE00BE0753 /* Frameworks */ = {
			isa = PBXFrameworksBuildPhase;
			buildActionMask = 2147483647;
			files = (
			);
			runOnlyForDeploymentPostprocessing = 0;
		};
/* End PBXFrameworksBuildPhase section */

/* Begin PBXGroup section */
		0798EA33DE70C643718ABF5D /* Pods */ = {
			isa = PBXGroup;
			children = (
				029CF3145B10E87BC18DAB8A /* Pods.debug.xcconfig */,
				CBA459C56B136A1775EDB032 /* Pods.release.xcconfig */,
			);
			name = Pods;
			sourceTree = "<group>";
		};
		24BB40C57C7DF6D7C1B3FE43 /* Frameworks */ = {
			isa = PBXGroup;
			children = (
				C531B20E1B04115F009453D4 /* Fabric.framework */,
				C531B20F1B04115F009453D4 /* Crashlytics.framework */,
				BD0403721AFAA25C009F1437 /* libsqlite3.dylib */,
				BD04036E1AFAA16F009F1437 /* libGoogleAnalyticsServices.a */,
				BD04036C1AFAA15C009F1437 /* libz.dylib */,
				BD04036A1AFAA14C009F1437 /* CoreData.framework */,
				C5D02F121AE085E800C201A5 /* CoreLocation.framework */,
				C5D02F111AE085B500C201A5 /* Atlas */,
				C53B9CF81AD204A200BEFA88 /* Security.framework */,
				C53B9CF61AD2049B00BEFA88 /* MobileCoreServices.framework */,
				C53B9CF41AD2049400BEFA88 /* CFNetwork.framework */,
				C53B9CF21AD2048D00BEFA88 /* SystemConfiguration.framework */,
				C53B9CEC1AD2046A00BEFA88 /* LayerKit.embeddedframework */,
				C5EFBDD51AABCCC3000029C3 /* SWRevealViewController */,
				EFCCECC06C9C564191EED71E /* Pods.framework */,
			);
			name = Frameworks;
			sourceTree = "<group>";
		};
		BDEC8BC41AFC844B00C4B261 /* Images */ = {
			isa = PBXGroup;
			children = (
				BD5140F11B0139F600C5F311 /* Twitter_logo_blue.png */,
				BD5140F51B013A0F00C5F311 /* background_image.png */,
				BD5140F31B013A0600C5F311 /* FB-f-Logo__blue_144.png */,
			);
			name = Images;
			sourceTree = "<group>";
		};
		C5212BF21ABAA43C004171FD /* API Models */ = {
			isa = PBXGroup;
			children = (
				C5B7FC961AE7008A001F6E9C /* DataStore.swift */,
				C56BFC991ABA92430074FCAA /* APIModel.swift */,
				C56BFC9B1ABA94F40074FCAA /* User.swift */,
				C56BFC9D1ABAA1FF0074FCAA /* Car.swift */,
				C56BFC9F1ABAA2330074FCAA /* Conversation.swift */,
				C56BFCA11ABAA2400074FCAA /* Message.swift */,
			);
			name = "API Models";
			sourceTree = "<group>";
		};
		C53B9CEC1AD2046A00BEFA88 /* LayerKit.embeddedframework */ = {
			isa = PBXGroup;
			children = (
				C53B9CED1AD2046A00BEFA88 /* LayerKit.framework */,
				C53B9CEE1AD2046A00BEFA88 /* Resources */,
			);
			path = LayerKit.embeddedframework;
			sourceTree = "<group>";
		};
		C53B9CEE1AD2046A00BEFA88 /* Resources */ = {
			isa = PBXGroup;
			children = (
				C53B9CEF1AD2046A00BEFA88 /* layer-client-messaging-schema.bundle */,
			);
			path = Resources;
			sourceTree = "<group>";
		};
		C5C70DB31AA68EDE00BE0753 = {
			isa = PBXGroup;
			children = (
				C5C70DBE1AA68EDE00BE0753 /* conduit */,
				C5C70DD41AA68EDE00BE0753 /* conduitTests */,
				C5C70DBD1AA68EDE00BE0753 /* Products */,
				0798EA33DE70C643718ABF5D /* Pods */,
				24BB40C57C7DF6D7C1B3FE43 /* Frameworks */,
			);
			sourceTree = "<group>";
		};
		C5C70DBD1AA68EDE00BE0753 /* Products */ = {
			isa = PBXGroup;
			children = (
				C5C70DBC1AA68EDE00BE0753 /* conduit.app */,
				C5C70DD11AA68EDE00BE0753 /* conduitTests.xctest */,
			);
			name = Products;
			sourceTree = "<group>";
		};
		C5C70DBE1AA68EDE00BE0753 /* conduit */ = {
			isa = PBXGroup;
			children = (
				BD7381101AFCBAEE00B870AB /* SourceSansPro-Light.ttf */,
				BDEC8BC41AFC844B00C4B261 /* Images */,
				C53B9CE71AD1E57500BEFA88 /* conduit-Bridging-Header.h */,
				C5212BF21ABAA43C004171FD /* API Models */,
				C5C70DC11AA68EDE00BE0753 /* AppDelegate.swift */,
				C53CE0D71AFC67A30071A4C4 /* Main.storyboard */,
				C5762AC61AEF64FE00275E89 /* WelcomeViewController.swift */,
				B57334161AABDB8100363B5C /* CreateAccountController.swift */,
				BDE4EB5E1AAC2A8900588511 /* LoginViewController.swift */,
				C53CE0DB1AFC68620071A4C4 /* LicenseInputController.swift */,
				C5EFBDDA1AABD4CD000029C3 /* MenuTableViewController.swift */,
				BDB898401AEC3301007E8FE1 /* InviteFriendsViewController.swift */,
				BDE4EB641AAC44FB00588511 /* NewMessageViewController.swift */,
				B54FF8F11AB04B3100450107 /* ConversationListViewController.swift */,
				BDD28DC21ACDDD4E001B031D /* ConversationViewController.swift */,
				B54FF8F51ACD288200450107 /* SettingsViewController.swift */,
				B54FF8F71ACDE90A00450107 /* CarManagementView.swift */,
				C53CE0D91AFC67AF0071A4C4 /* LaunchScreen.xib */,
				BD19A1BE1AFA065B00015E34 /* AddCarViewController.swift */,
				B55805F71AE6CF7300EB5512 /* ConfirmPasswordViewController.swift */,
				B58FD9B21ACE67B5005B8648 /* ChangePasswordView.swift */,
				B58C3F481AF0CA4C002311EE /* ChangeNameViewController.swift */,
				B58C3F4A1AF0CA5C002311EE /* ChangeEmailViewController.swift */,
				B58C3F4E1AF40ECE002311EE /* PhoneSettingsViewController.swift */,
				BD8027A21AFC3A0100E280A9 /* AnalyticsHelper.swift */,
				C5D02E711ADD9F2F00C201A5 /* CustomSegues.swift */,
				BD7039661AF9FC32009E87D8 /* ErrorHelpers.swift */,
				BDEB2DE71AD4A41E008C91C2 /* Style.swift */,
				B535E4011AFDED0E0048E891 /* images.xcassets */,
				C5C70DBF1AA68EDE00BE0753 /* Supporting Files */,
			);
			path = conduit;
			sourceTree = "<group>";
		};
		C5C70DBF1AA68EDE00BE0753 /* Supporting Files */ = {
			isa = PBXGroup;
			children = (
				C5C70DC01AA68EDE00BE0753 /* Info.plist */,
			);
			name = "Supporting Files";
			sourceTree = "<group>";
		};
		C5C70DD41AA68EDE00BE0753 /* conduitTests */ = {
			isa = PBXGroup;
			children = (
				C5AA6A791ACC658F00FE9586 /* ConduitPlayground.playground */,
				C5C70DD71AA68EDE00BE0753 /* conduitTests.swift */,
				C5C70DD51AA68EDE00BE0753 /* Supporting Files */,
			);
			path = conduitTests;
			sourceTree = "<group>";
		};
		C5C70DD51AA68EDE00BE0753 /* Supporting Files */ = {
			isa = PBXGroup;
			children = (
				C5C70DD61AA68EDE00BE0753 /* Info.plist */,
			);
			name = "Supporting Files";
			sourceTree = "<group>";
		};
		C5D02E731AE085A300C201A5 /* Code */ = {
			isa = PBXGroup;
			children = (
				C5D02E741AE085A300C201A5 /* Atlas.h */,
				C5D02E751AE085A300C201A5 /* Atlas.m */,
				C5D02E761AE085A300C201A5 /* Controllers */,
				C5D02E831AE085A300C201A5 /* Models */,
				C5D02E8C1AE085A300C201A5 /* Protocols */,
				C5D02E921AE085A300C201A5 /* Utilities */,
				C5D02E9F1AE085A300C201A5 /* Views */,
			);
			path = Code;
			sourceTree = "<group>";
		};
		C5D02E761AE085A300C201A5 /* Controllers */ = {
			isa = PBXGroup;
			children = (
				C5D02E771AE085A300C201A5 /* ATLAddressBarViewController.h */,
				C5D02E781AE085A300C201A5 /* ATLAddressBarViewController.m */,
				C5D02E791AE085A300C201A5 /* ATLBaseConversationViewController.h */,
				C5D02E7A1AE085A300C201A5 /* ATLBaseConversationViewController.m */,
				C5D02E7B1AE085A300C201A5 /* ATLConversationListViewController.h */,
				C5D02E7C1AE085A300C201A5 /* ATLConversationListViewController.m */,
				C5D02E7D1AE085A300C201A5 /* ATLConversationViewController.h */,
				C5D02E7E1AE085A300C201A5 /* ATLConversationViewController.m */,
				C5D02E7F1AE085A300C201A5 /* ATLParticipantTableViewController.h */,
				C5D02E801AE085A300C201A5 /* ATLParticipantTableViewController.m */,
				C5D02E811AE085A300C201A5 /* ATLTypingIndicatorViewController.h */,
				C5D02E821AE085A300C201A5 /* ATLTypingIndicatorViewController.m */,
			);
			path = Controllers;
			sourceTree = "<group>";
		};
		C5D02E831AE085A300C201A5 /* Models */ = {
			isa = PBXGroup;
			children = (
				C5D02E841AE085A300C201A5 /* ATLConversationDataSource.h */,
				C5D02E851AE085A300C201A5 /* ATLConversationDataSource.m */,
				C5D02E861AE085A300C201A5 /* ATLDataSourceChange.h */,
				C5D02E871AE085A300C201A5 /* ATLDataSourceChange.m */,
				C5D02E881AE085A300C201A5 /* ATLMediaAttachment.h */,
				C5D02E891AE085A300C201A5 /* ATLMediaAttachment.m */,
				C5D02E8A1AE085A300C201A5 /* ATLParticipantTableDataSet.h */,
				C5D02E8B1AE085A300C201A5 /* ATLParticipantTableDataSet.m */,
			);
			path = Models;
			sourceTree = "<group>";
		};
		C5D02E8C1AE085A300C201A5 /* Protocols */ = {
			isa = PBXGroup;
			children = (
				C5D02E8D1AE085A300C201A5 /* ATLAvatarItem.h */,
				C5D02E8E1AE085A300C201A5 /* ATLConversationPresenting.h */,
				C5D02E8F1AE085A300C201A5 /* ATLMessagePresenting.h */,
				C5D02E901AE085A300C201A5 /* ATLParticipant.h */,
				C5D02E911AE085A300C201A5 /* ATLParticipantPresenting.h */,
			);
			path = Protocols;
			sourceTree = "<group>";
		};
		C5D02E921AE085A300C201A5 /* Utilities */ = {
			isa = PBXGroup;
			children = (
				C5D02E931AE085A300C201A5 /* ATLConstants.h */,
				C5D02E941AE085A300C201A5 /* ATLConstants.m */,
				C5D02E951AE085A300C201A5 /* ATLErrors.h */,
				C5D02E961AE085A300C201A5 /* ATLErrors.m */,
				C5D02E971AE085A300C201A5 /* ATLLocationManager.h */,
				C5D02E981AE085A300C201A5 /* ATLLocationManager.m */,
				C5D02E991AE085A300C201A5 /* ATLMediaInputStream.h */,
				C5D02E9A1AE085A300C201A5 /* ATLMediaInputStream.m */,
				C5D02E9B1AE085A300C201A5 /* ATLMessagingUtilities.h */,
				C5D02E9C1AE085A300C201A5 /* ATLMessagingUtilities.m */,
				C5D02E9D1AE085A300C201A5 /* ATLUIImageHelper.h */,
				C5D02E9E1AE085A300C201A5 /* ATLUIImageHelper.m */,
			);
			path = Utilities;
			sourceTree = "<group>";
		};
		C5D02E9F1AE085A300C201A5 /* Views */ = {
			isa = PBXGroup;
			children = (
				C5D02EA01AE085A300C201A5 /* ATLAddressBarContainerView.h */,
				C5D02EA11AE085A300C201A5 /* ATLAddressBarContainerView.m */,
				C5D02EA21AE085A300C201A5 /* ATLAddressBarTextView.h */,
				C5D02EA31AE085A300C201A5 /* ATLAddressBarTextView.m */,
				C5D02EA41AE085A300C201A5 /* ATLAddressBarView.h */,
				C5D02EA51AE085A300C201A5 /* ATLAddressBarView.m */,
				C5D02EA61AE085A300C201A5 /* ATLAvatarImageView.h */,
				C5D02EA71AE085A300C201A5 /* ATLAvatarImageView.m */,
				C5D02EA81AE085A300C201A5 /* ATLConversationCollectionView.h */,
				C5D02EA91AE085A300C201A5 /* ATLConversationCollectionView.m */,
				C5D02EAA1AE085A300C201A5 /* ATLConversationCollectionViewFooter.h */,
				C5D02EAB1AE085A300C201A5 /* ATLConversationCollectionViewFooter.m */,
				C5D02EAC1AE085A300C201A5 /* ATLConversationCollectionViewHeader.h */,
				C5D02EAD1AE085A300C201A5 /* ATLConversationCollectionViewHeader.m */,
				C5D02EAE1AE085A300C201A5 /* ATLConversationCollectionViewMoreMessagesHeader.h */,
				C5D02EAF1AE085A300C201A5 /* ATLConversationCollectionViewMoreMessagesHeader.m */,
				C5D02EB01AE085A300C201A5 /* ATLConversationTableViewCell.h */,
				C5D02EB11AE085A300C201A5 /* ATLConversationTableViewCell.m */,
				C5D02EB21AE085A300C201A5 /* ATLConversationView.h */,
				C5D02EB31AE085A300C201A5 /* ATLConversationView.m */,
				C5D02EB41AE085A300C201A5 /* ATLIncomingMessageCollectionViewCell.h */,
				C5D02EB51AE085A300C201A5 /* ATLIncomingMessageCollectionViewCell.m */,
				C5D02EB61AE085A300C201A5 /* ATLMessageBubbleView.h */,
				C5D02EB71AE085A300C201A5 /* ATLMessageBubbleView.m */,
				C5D02EB81AE085A300C201A5 /* ATLMessageCollectionViewCell.h */,
				C5D02EB91AE085A300C201A5 /* ATLMessageCollectionViewCell.m */,
				C5D02EBA1AE085A300C201A5 /* ATLMessageComposeTextView.h */,
				C5D02EBB1AE085A300C201A5 /* ATLMessageComposeTextView.m */,
				C5D02EBC1AE085A300C201A5 /* ATLMessageInputToolbar.h */,
				C5D02EBD1AE085A300C201A5 /* ATLMessageInputToolbar.m */,
				C5D02EBE1AE085A300C201A5 /* ATLOutgoingMessageCollectionViewCell.h */,
				C5D02EBF1AE085A300C201A5 /* ATLOutgoingMessageCollectionViewCell.m */,
				C5D02EC01AE085A300C201A5 /* ATLParticipantSectionHeaderView.h */,
				C5D02EC11AE085A300C201A5 /* ATLParticipantSectionHeaderView.m */,
				C5D02EC21AE085A300C201A5 /* ATLParticipantTableViewCell.h */,
				C5D02EC31AE085A300C201A5 /* ATLParticipantTableViewCell.m */,
				C5D02EC41AE085A300C201A5 /* ATLProgressView.h */,
				C5D02EC51AE085A300C201A5 /* ATLProgressView.m */,
			);
			path = Views;
			sourceTree = "<group>";
		};
		C5D02EEA1AE085B000C201A5 /* Resources */ = {
			isa = PBXGroup;
			children = (
				C5D02EEB1AE085B000C201A5 /* block.png */,
				C5D02EEC1AE085B000C201A5 /* block@2x.png */,
				C5D02EED1AE085B000C201A5 /* block@3x.png */,
				C5D02EEE1AE085B000C201A5 /* camera_dark.png */,
				C5D02EEF1AE085B000C201A5 /* camera_dark@2x.png */,
				C5D02EF01AE085B000C201A5 /* camera_dark@3x.png */,
				C5D02EF11AE085B000C201A5 /* chevron.png */,
				C5D02EF21AE085B000C201A5 /* chevron@2x.png */,
				C5D02EF31AE085B000C201A5 /* chevron@3x.png */,
				C5D02EF41AE085B000C201A5 /* layerbell.caf */,
				C5D02EF51AE085B000C201A5 /* layerLogo.png */,
				C5D02EF61AE085B000C201A5 /* layerLogo@2x.png */,
				C5D02EF71AE085B000C201A5 /* layerLogo@3x.png */,
				C5D02EF81AE085B000C201A5 /* location_dark.png */,
				C5D02EF91AE085B000C201A5 /* location_dark@2x.png */,
				C5D02EFA1AE085B000C201A5 /* location_dark@3x.png */,
				C5D02EFB1AE085B000C201A5 /* plus.png */,
				C5D02EFC1AE085B000C201A5 /* plus@2x.png */,
				C5D02EFD1AE085B000C201A5 /* plus@3x.png */,
			);
			path = Resources;
			sourceTree = "<group>";
		};
		C5D02F111AE085B500C201A5 /* Atlas */ = {
			isa = PBXGroup;
			children = (
				C5D02EEA1AE085B000C201A5 /* Resources */,
				C5D02E731AE085A300C201A5 /* Code */,
			);
			name = Atlas;
			sourceTree = "<group>";
		};
		C5EFBDD51AABCCC3000029C3 /* SWRevealViewController */ = {
			isa = PBXGroup;
			children = (
				C5EFBDDF1AABD6C4000029C3 /* SWRevealViewController.h */,
				C5EFBDE01AABD6C4000029C3 /* SWRevealViewController.m */,
			);
			name = SWRevealViewController;
			path = conduit/SWRevealViewController;
			sourceTree = "<group>";
		};
/* End PBXGroup section */

/* Begin PBXNativeTarget section */
		C5C70DBB1AA68EDE00BE0753 /* conduit */ = {
			isa = PBXNativeTarget;
			buildConfigurationList = C5C70DDB1AA68EDE00BE0753 /* Build configuration list for PBXNativeTarget "conduit" */;
			buildPhases = (
				2DC7CCA280AA6DC29159ACEE /* Check Pods Manifest.lock */,
				C5C70DB81AA68EDE00BE0753 /* Sources */,
				C5C70DB91AA68EDE00BE0753 /* Frameworks */,
				C5C70DBA1AA68EDE00BE0753 /* Resources */,
				826B60B4B60DBCEC6B793F3A /* Embed Pods Frameworks */,
				FA77AC0BEA485D539A8ADB93 /* Copy Pods Resources */,
				C531B20D1B041111009453D4 /* ShellScript */,
			);
			buildRules = (
			);
			dependencies = (
			);
			name = conduit;
			productName = conduit;
			productReference = C5C70DBC1AA68EDE00BE0753 /* conduit.app */;
			productType = "com.apple.product-type.application";
		};
		C5C70DD01AA68EDE00BE0753 /* conduitTests */ = {
			isa = PBXNativeTarget;
			buildConfigurationList = C5C70DDE1AA68EDE00BE0753 /* Build configuration list for PBXNativeTarget "conduitTests" */;
			buildPhases = (
				C5C70DCD1AA68EDE00BE0753 /* Sources */,
				C5C70DCE1AA68EDE00BE0753 /* Frameworks */,
				C5C70DCF1AA68EDE00BE0753 /* Resources */,
			);
			buildRules = (
			);
			dependencies = (
				C5C70DD31AA68EDE00BE0753 /* PBXTargetDependency */,
			);
			name = conduitTests;
			productName = conduitTests;
			productReference = C5C70DD11AA68EDE00BE0753 /* conduitTests.xctest */;
			productType = "com.apple.product-type.bundle.unit-test";
		};
/* End PBXNativeTarget section */

/* Begin PBXProject section */
		C5C70DB41AA68EDE00BE0753 /* Project object */ = {
			isa = PBXProject;
			attributes = {
				LastUpgradeCheck = 0610;
				ORGANIZATIONNAME = Conduit;
				TargetAttributes = {
					C5C70DBB1AA68EDE00BE0753 = {
						CreatedOnToolsVersion = 6.1.1;
						DevelopmentTeam = 7A54D534F5;
						SystemCapabilities = {
							com.apple.BackgroundModes = {
								enabled = 1;
							};
						};
					};
					C5C70DD01AA68EDE00BE0753 = {
						CreatedOnToolsVersion = 6.1.1;
						TestTargetID = C5C70DBB1AA68EDE00BE0753;
					};
				};
			};
			buildConfigurationList = C5C70DB71AA68EDE00BE0753 /* Build configuration list for PBXProject "conduit" */;
			compatibilityVersion = "Xcode 3.2";
			developmentRegion = English;
			hasScannedForEncodings = 0;
			knownRegions = (
				en,
				Base,
			);
			mainGroup = C5C70DB31AA68EDE00BE0753;
			productRefGroup = C5C70DBD1AA68EDE00BE0753 /* Products */;
			projectDirPath = "";
			projectRoot = "";
			targets = (
				C5C70DBB1AA68EDE00BE0753 /* conduit */,
				C5C70DD01AA68EDE00BE0753 /* conduitTests */,
			);
		};
/* End PBXProject section */

/* Begin PBXResourcesBuildPhase section */
		C5C70DBA1AA68EDE00BE0753 /* Resources */ = {
			isa = PBXResourcesBuildPhase;
			buildActionMask = 2147483647;
			files = (
				C53B9CF11AD2046A00BEFA88 /* layer-client-messaging-schema.bundle in Resources */,
				C53CE0D81AFC67A30071A4C4 /* Main.storyboard in Resources */,
				C5D02F071AE085B000C201A5 /* layerbell.caf in Resources */,
				BD7381111AFCBAEE00B870AB /* SourceSansPro-Light.ttf in Resources */,
				BD5140F21B0139F600C5F311 /* Twitter_logo_blue.png in Resources */,
				C53CE0DA1AFC67AF0071A4C4 /* LaunchScreen.xib in Resources */,
				C5D02F021AE085B000C201A5 /* camera_dark@2x.png in Resources */,
				C5D02F0E1AE085B000C201A5 /* plus.png in Resources */,
				C5D02F0C1AE085B000C201A5 /* location_dark@2x.png in Resources */,
				C5D02F051AE085B000C201A5 /* chevron@2x.png in Resources */,
				C5D02F031AE085B000C201A5 /* camera_dark@3x.png in Resources */,
				C5D02F0D1AE085B000C201A5 /* location_dark@3x.png in Resources */,
				B535E4021AFDED0E0048E891 /* images.xcassets in Resources */,
				C5D02F061AE085B000C201A5 /* chevron@3x.png in Resources */,
				C5D02F011AE085B000C201A5 /* camera_dark.png in Resources */,
				C5D02F041AE085B000C201A5 /* chevron.png in Resources */,
				C5D02F0A1AE085B000C201A5 /* layerLogo@3x.png in Resources */,
				C5D02F091AE085B000C201A5 /* layerLogo@2x.png in Resources */,
				C5D02F081AE085B000C201A5 /* layerLogo.png in Resources */,
				BD5140F61B013A0F00C5F311 /* background_image.png in Resources */,
				C5D02F0B1AE085B000C201A5 /* location_dark.png in Resources */,
				C5D02F001AE085B000C201A5 /* block@3x.png in Resources */,
				C5D02EFF1AE085B000C201A5 /* block@2x.png in Resources */,
				C5D02F0F1AE085B000C201A5 /* plus@2x.png in Resources */,
				BD5140F41B013A0600C5F311 /* FB-f-Logo__blue_144.png in Resources */,
				C5D02F101AE085B000C201A5 /* plus@3x.png in Resources */,
				C5D02EFE1AE085B000C201A5 /* block.png in Resources */,
			);
			runOnlyForDeploymentPostprocessing = 0;
		};
		C5C70DCF1AA68EDE00BE0753 /* Resources */ = {
			isa = PBXResourcesBuildPhase;
			buildActionMask = 2147483647;
			files = (
			);
			runOnlyForDeploymentPostprocessing = 0;
		};
/* End PBXResourcesBuildPhase section */

/* Begin PBXShellScriptBuildPhase section */
		2DC7CCA280AA6DC29159ACEE /* Check Pods Manifest.lock */ = {
			isa = PBXShellScriptBuildPhase;
			buildActionMask = 2147483647;
			files = (
			);
			inputPaths = (
			);
			name = "Check Pods Manifest.lock";
			outputPaths = (
			);
			runOnlyForDeploymentPostprocessing = 0;
			shellPath = /bin/sh;
			shellScript = "diff \"${PODS_ROOT}/../Podfile.lock\" \"${PODS_ROOT}/Manifest.lock\" > /dev/null\nif [[ $? != 0 ]] ; then\n    cat << EOM\nerror: The sandbox is not in sync with the Podfile.lock. Run 'pod install' or update your CocoaPods installation.\nEOM\n    exit 1\nfi\n";
			showEnvVarsInLog = 0;
		};
		826B60B4B60DBCEC6B793F3A /* Embed Pods Frameworks */ = {
			isa = PBXShellScriptBuildPhase;
			buildActionMask = 2147483647;
			files = (
			);
			inputPaths = (
			);
			name = "Embed Pods Frameworks";
			outputPaths = (
			);
			runOnlyForDeploymentPostprocessing = 0;
			shellPath = /bin/sh;
			shellScript = "\"${SRCROOT}/Pods/Target Support Files/Pods/Pods-frameworks.sh\"\n";
			showEnvVarsInLog = 0;
		};
		C531B20D1B041111009453D4 /* ShellScript */ = {
			isa = PBXShellScriptBuildPhase;
			buildActionMask = 2147483647;
			files = (
			);
			inputPaths = (
			);
			outputPaths = (
			);
			runOnlyForDeploymentPostprocessing = 0;
			shellPath = /bin/sh;
			shellScript = "./Fabric.framework/run 0af6da10ae5d2e2cf51936ae3f36ced5659ee5b8 d9fba83184897a4d76d0c727e84534566d7625669957200864d4f92a007a00ca";
		};
		FA77AC0BEA485D539A8ADB93 /* Copy Pods Resources */ = {
			isa = PBXShellScriptBuildPhase;
			buildActionMask = 2147483647;
			files = (
			);
			inputPaths = (
			);
			name = "Copy Pods Resources";
			outputPaths = (
			);
			runOnlyForDeploymentPostprocessing = 0;
			shellPath = /bin/sh;
			shellScript = "\"${SRCROOT}/Pods/Target Support Files/Pods/Pods-resources.sh\"\n";
			showEnvVarsInLog = 0;
		};
/* End PBXShellScriptBuildPhase section */

/* Begin PBXSourcesBuildPhase section */
		C5C70DB81AA68EDE00BE0753 /* Sources */ = {
			isa = PBXSourcesBuildPhase;
			buildActionMask = 2147483647;
			files = (
				C5D32C1D1ADC829D001635AF /* SWRevealViewController.m in Sources */,
				C5D02EDA1AE085A300C201A5 /* ATLAvatarImageView.m in Sources */,
				C5D02EE41AE085A300C201A5 /* ATLMessageComposeTextView.m in Sources */,
				C5D02ECC1AE085A300C201A5 /* ATLTypingIndicatorViewController.m in Sources */,
				C5D02EDE1AE085A300C201A5 /* ATLConversationCollectionViewMoreMessagesHeader.m in Sources */,
				BD8027A31AFC3A0100E280A9 /* AnalyticsHelper.swift in Sources */,
				BDD28DC31ACDDD4E001B031D /* ConversationViewController.swift in Sources */,
				B58C3F4F1AF40ECE002311EE /* PhoneSettingsViewController.swift in Sources */,
				C5D02EE01AE085A300C201A5 /* ATLConversationView.m in Sources */,
				C5D02EDD1AE085A300C201A5 /* ATLConversationCollectionViewHeader.m in Sources */,
				C5D02EDB1AE085A300C201A5 /* ATLConversationCollectionView.m in Sources */,
				C5EFBDDB1AABD4CD000029C3 /* MenuTableViewController.swift in Sources */,
				B58C3F4B1AF0CA5C002311EE /* ChangeEmailViewController.swift in Sources */,
				BD7039671AF9FC32009E87D8 /* ErrorHelpers.swift in Sources */,
				C5D02ED91AE085A300C201A5 /* ATLAddressBarView.m in Sources */,
				C5D02EE61AE085A300C201A5 /* ATLOutgoingMessageCollectionViewCell.m in Sources */,
				C5B7FC971AE7008A001F6E9C /* DataStore.swift in Sources */,
				C5D02E721ADD9F2F00C201A5 /* CustomSegues.swift in Sources */,
				B54FF8F61ACD288200450107 /* SettingsViewController.swift in Sources */,
				C5D02ED41AE085A300C201A5 /* ATLMediaInputStream.m in Sources */,
				BDEB2DE81AD4A41E008C91C2 /* Style.swift in Sources */,
				C5D02ECA1AE085A300C201A5 /* ATLConversationViewController.m in Sources */,
				C5D02ED31AE085A300C201A5 /* ATLLocationManager.m in Sources */,
				B57334171AABDB8100363B5C /* CreateAccountController.swift in Sources */,
				BDB898411AEC3301007E8FE1 /* InviteFriendsViewController.swift in Sources */,
				C5D02ECF1AE085A300C201A5 /* ATLMediaAttachment.m in Sources */,
				B54FF8F81ACDE90A00450107 /* CarManagementView.swift in Sources */,
				C5D02EDF1AE085A300C201A5 /* ATLConversationTableViewCell.m in Sources */,
				C56BFC9C1ABA94F40074FCAA /* User.swift in Sources */,
				C5762AC71AEF64FE00275E89 /* WelcomeViewController.swift in Sources */,
				C5D02EE21AE085A300C201A5 /* ATLMessageBubbleView.m in Sources */,
				C56BFCA01ABAA2330074FCAA /* Conversation.swift in Sources */,
				C5D02EE81AE085A300C201A5 /* ATLParticipantTableViewCell.m in Sources */,
				C56BFC9E1ABAA1FF0074FCAA /* Car.swift in Sources */,
				C5D02ED61AE085A300C201A5 /* ATLUIImageHelper.m in Sources */,
				C5D02ED51AE085A300C201A5 /* ATLMessagingUtilities.m in Sources */,
				C5D02EE51AE085A300C201A5 /* ATLMessageInputToolbar.m in Sources */,
				C5D02EE31AE085A300C201A5 /* ATLMessageCollectionViewCell.m in Sources */,
				C5D02EC61AE085A300C201A5 /* Atlas.m in Sources */,
				C5D02EC81AE085A300C201A5 /* ATLBaseConversationViewController.m in Sources */,
				BDE4EB651AAC44FB00588511 /* NewMessageViewController.swift in Sources */,
				C5D02ED11AE085A300C201A5 /* ATLConstants.m in Sources */,
				C53CE0DC1AFC68620071A4C4 /* LicenseInputController.swift in Sources */,
				C5D02EDC1AE085A300C201A5 /* ATLConversationCollectionViewFooter.m in Sources */,
				C5D02ECE1AE085A300C201A5 /* ATLDataSourceChange.m in Sources */,
				C5D02ECB1AE085A300C201A5 /* ATLParticipantTableViewController.m in Sources */,
				C5C70DC21AA68EDE00BE0753 /* AppDelegate.swift in Sources */,
				B55805F81AE6CF7300EB5512 /* ConfirmPasswordViewController.swift in Sources */,
				BDE4EB5F1AAC2A8900588511 /* LoginViewController.swift in Sources */,
				BD19A1BF1AFA065B00015E34 /* AddCarViewController.swift in Sources */,
				B58FD9B31ACE67B5005B8648 /* ChangePasswordView.swift in Sources */,
				B54FF8F21AB04B3100450107 /* ConversationListViewController.swift in Sources */,
				C5D02ECD1AE085A300C201A5 /* ATLConversationDataSource.m in Sources */,
				C5D02EC71AE085A300C201A5 /* ATLAddressBarViewController.m in Sources */,
				C5D02EE71AE085A300C201A5 /* ATLParticipantSectionHeaderView.m in Sources */,
				C56BFCA21ABAA2400074FCAA /* Message.swift in Sources */,
				C5D02ED81AE085A300C201A5 /* ATLAddressBarTextView.m in Sources */,
				C5D02ED71AE085A300C201A5 /* ATLAddressBarContainerView.m in Sources */,
				C5D02ED21AE085A300C201A5 /* ATLErrors.m in Sources */,
				C5D02EE11AE085A300C201A5 /* ATLIncomingMessageCollectionViewCell.m in Sources */,
				C5D02ED01AE085A300C201A5 /* ATLParticipantTableDataSet.m in Sources */,
				C5D02EC91AE085A300C201A5 /* ATLConversationListViewController.m in Sources */,
				C5D02EE91AE085A300C201A5 /* ATLProgressView.m in Sources */,
				C56BFC9A1ABA92430074FCAA /* APIModel.swift in Sources */,
				B58C3F491AF0CA4C002311EE /* ChangeNameViewController.swift in Sources */,
			);
			runOnlyForDeploymentPostprocessing = 0;
		};
		C5C70DCD1AA68EDE00BE0753 /* Sources */ = {
			isa = PBXSourcesBuildPhase;
			buildActionMask = 2147483647;
			files = (
				C5C70DD81AA68EDE00BE0753 /* conduitTests.swift in Sources */,
			);
			runOnlyForDeploymentPostprocessing = 0;
		};
/* End PBXSourcesBuildPhase section */

/* Begin PBXTargetDependency section */
		C5C70DD31AA68EDE00BE0753 /* PBXTargetDependency */ = {
			isa = PBXTargetDependency;
			target = C5C70DBB1AA68EDE00BE0753 /* conduit */;
			targetProxy = C5C70DD21AA68EDE00BE0753 /* PBXContainerItemProxy */;
		};
/* End PBXTargetDependency section */

/* Begin XCBuildConfiguration section */
		C5C70DD91AA68EDE00BE0753 /* Debug */ = {
			isa = XCBuildConfiguration;
			buildSettings = {
				ALWAYS_SEARCH_USER_PATHS = NO;
				CLANG_CXX_LANGUAGE_STANDARD = "gnu++0x";
				CLANG_CXX_LIBRARY = "libc++";
				CLANG_ENABLE_MODULES = YES;
				CLANG_ENABLE_OBJC_ARC = YES;
				CLANG_WARN_BOOL_CONVERSION = YES;
				CLANG_WARN_CONSTANT_CONVERSION = YES;
				CLANG_WARN_DIRECT_OBJC_ISA_USAGE = YES_ERROR;
				CLANG_WARN_EMPTY_BODY = YES;
				CLANG_WARN_ENUM_CONVERSION = YES;
				CLANG_WARN_INT_CONVERSION = YES;
				CLANG_WARN_OBJC_ROOT_CLASS = YES_ERROR;
				CLANG_WARN_UNREACHABLE_CODE = YES;
				CLANG_WARN__DUPLICATE_METHOD_MATCH = YES;
				"CODE_SIGN_IDENTITY[sdk=iphoneos*]" = "iPhone Developer";
				COPY_PHASE_STRIP = NO;
				ENABLE_STRICT_OBJC_MSGSEND = YES;
				GCC_C_LANGUAGE_STANDARD = gnu99;
				GCC_DYNAMIC_NO_PIC = NO;
				GCC_OPTIMIZATION_LEVEL = 0;
				GCC_PREPROCESSOR_DEFINITIONS = (
					"DEBUG=1",
					"$(inherited)",
				);
				GCC_SYMBOLS_PRIVATE_EXTERN = NO;
				GCC_WARN_64_TO_32_BIT_CONVERSION = YES;
				GCC_WARN_ABOUT_RETURN_TYPE = YES_ERROR;
				GCC_WARN_UNDECLARED_SELECTOR = YES;
				GCC_WARN_UNINITIALIZED_AUTOS = YES_AGGRESSIVE;
				GCC_WARN_UNUSED_FUNCTION = YES;
				GCC_WARN_UNUSED_VARIABLE = YES;
				IPHONEOS_DEPLOYMENT_TARGET = 8.1;
				MTL_ENABLE_DEBUG_INFO = YES;
				ONLY_ACTIVE_ARCH = YES;
				SDKROOT = iphoneos;
				SWIFT_OPTIMIZATION_LEVEL = "-Onone";
			};
			name = Debug;
		};
		C5C70DDA1AA68EDE00BE0753 /* Release */ = {
			isa = XCBuildConfiguration;
			buildSettings = {
				ALWAYS_SEARCH_USER_PATHS = NO;
				CLANG_CXX_LANGUAGE_STANDARD = "gnu++0x";
				CLANG_CXX_LIBRARY = "libc++";
				CLANG_ENABLE_MODULES = YES;
				CLANG_ENABLE_OBJC_ARC = YES;
				CLANG_WARN_BOOL_CONVERSION = YES;
				CLANG_WARN_CONSTANT_CONVERSION = YES;
				CLANG_WARN_DIRECT_OBJC_ISA_USAGE = YES_ERROR;
				CLANG_WARN_EMPTY_BODY = YES;
				CLANG_WARN_ENUM_CONVERSION = YES;
				CLANG_WARN_INT_CONVERSION = YES;
				CLANG_WARN_OBJC_ROOT_CLASS = YES_ERROR;
				CLANG_WARN_UNREACHABLE_CODE = YES;
				CLANG_WARN__DUPLICATE_METHOD_MATCH = YES;
				"CODE_SIGN_IDENTITY[sdk=iphoneos*]" = "iPhone Developer";
				COPY_PHASE_STRIP = YES;
				ENABLE_NS_ASSERTIONS = NO;
				ENABLE_STRICT_OBJC_MSGSEND = YES;
				GCC_C_LANGUAGE_STANDARD = gnu99;
				GCC_WARN_64_TO_32_BIT_CONVERSION = YES;
				GCC_WARN_ABOUT_RETURN_TYPE = YES_ERROR;
				GCC_WARN_UNDECLARED_SELECTOR = YES;
				GCC_WARN_UNINITIALIZED_AUTOS = YES_AGGRESSIVE;
				GCC_WARN_UNUSED_FUNCTION = YES;
				GCC_WARN_UNUSED_VARIABLE = YES;
				IPHONEOS_DEPLOYMENT_TARGET = 8.1;
				MTL_ENABLE_DEBUG_INFO = NO;
				SDKROOT = iphoneos;
				VALIDATE_PRODUCT = YES;
			};
			name = Release;
		};
		C5C70DDC1AA68EDE00BE0753 /* Debug */ = {
			isa = XCBuildConfiguration;
			baseConfigurationReference = 029CF3145B10E87BC18DAB8A /* Pods.debug.xcconfig */;
			buildSettings = {
				ASSETCATALOG_COMPILER_APPICON_NAME = AppIcon;
				CLANG_ENABLE_MODULES = YES;
				CODE_SIGN_IDENTITY = "iPhone Developer: Nathan Eidelson (8SXS89ZNHG)";
				"CODE_SIGN_IDENTITY[sdk=iphoneos*]" = "iPhone Developer: Nathan Eidelson (8SXS89ZNHG)";
				FRAMEWORK_SEARCH_PATHS = (
					"$(inherited)",
					"$(PROJECT_DIR)/LayerKit.embeddedframework",
					"$(PROJECT_DIR)",
				);
				INFOPLIST_FILE = conduit/Info.plist;
				IPHONEOS_DEPLOYMENT_TARGET = 8.0;
				LD_RUNPATH_SEARCH_PATHS = "$(inherited) @executable_path/Frameworks";
				LIBRARY_SEARCH_PATHS = (
					"$(inherited)",
					"$(PROJECT_DIR)/Pods/GoogleAnalytics-iOS-SDK",
				);
				OTHER_LDFLAGS = (
					"$(inherited)",
					"-ObjC",
					"-framework",
					"\"Alamofire\"",
					"-lGoogleAnalyticsServices",
					"-lz",
				);
				PRODUCT_NAME = "$(TARGET_NAME)";
				PROVISIONING_PROFILE = "487623dd-73a5-4319-b278-8a471d843257";
				SWIFT_INSTALL_OBJC_HEADER = YES;
				SWIFT_OBJC_BRIDGING_HEADER = "conduit/conduit-Bridging-Header.h";
				SWIFT_OPTIMIZATION_LEVEL = "-Onone";
				TARGETED_DEVICE_FAMILY = 1;
			};
			name = Debug;
		};
		C5C70DDD1AA68EDE00BE0753 /* Release */ = {
			isa = XCBuildConfiguration;
			baseConfigurationReference = CBA459C56B136A1775EDB032 /* Pods.release.xcconfig */;
			buildSettings = {
				ASSETCATALOG_COMPILER_APPICON_NAME = AppIcon;
				CLANG_ENABLE_MODULES = YES;
				CODE_SIGN_IDENTITY = "iPhone Distribution: Nathan Eidelson (7A54D534F5)";
				"CODE_SIGN_IDENTITY[sdk=iphoneos*]" = "iPhone Distribution: Nathan Eidelson (7A54D534F5)";
				FRAMEWORK_SEARCH_PATHS = (
					"$(inherited)",
					"$(PROJECT_DIR)/LayerKit.embeddedframework",
					"$(PROJECT_DIR)",
				);
				INFOPLIST_FILE = conduit/Info.plist;
				IPHONEOS_DEPLOYMENT_TARGET = 8.0;
				LD_RUNPATH_SEARCH_PATHS = "$(inherited) @executable_path/Frameworks";
				LIBRARY_SEARCH_PATHS = (
					"$(inherited)",
					"$(PROJECT_DIR)/Pods/GoogleAnalytics-iOS-SDK",
				);
				OTHER_LDFLAGS = (
					"$(inherited)",
					"-ObjC",
					"-framework",
					"\"Alamofire\"",
					"-lGoogleAnalyticsServices",
					"-lz",
				);
				PRODUCT_NAME = "$(TARGET_NAME)";
				PROVISIONING_PROFILE = "ea23ba76-7ad6-40c3-abf3-717135fcd556";
				SWIFT_INSTALL_OBJC_HEADER = YES;
				SWIFT_OBJC_BRIDGING_HEADER = "conduit/conduit-Bridging-Header.h";
				TARGETED_DEVICE_FAMILY = 1;
			};
			name = Release;
		};
		C5C70DDF1AA68EDE00BE0753 /* Debug */ = {
			isa = XCBuildConfiguration;
			buildSettings = {
				BUNDLE_LOADER = "$(TEST_HOST)";
				CLANG_ENABLE_MODULES = YES;
				FRAMEWORK_SEARCH_PATHS = (
					"$(SDKROOT)/Developer/Library/Frameworks",
					"$(inherited)",
				);
				GCC_PREPROCESSOR_DEFINITIONS = (
					"DEBUG=1",
					"$(inherited)",
				);
				INFOPLIST_FILE = conduitTests/Info.plist;
				LD_RUNPATH_SEARCH_PATHS = "$(inherited) @executable_path/Frameworks @loader_path/Frameworks";
				PRODUCT_NAME = "$(TARGET_NAME)";
				SWIFT_OPTIMIZATION_LEVEL = "-Onone";
				TEST_HOST = "$(BUILT_PRODUCTS_DIR)/conduit.app/conduit";
			};
			name = Debug;
		};
		C5C70DE01AA68EDE00BE0753 /* Release */ = {
			isa = XCBuildConfiguration;
			buildSettings = {
				BUNDLE_LOADER = "$(TEST_HOST)";
				CLANG_ENABLE_MODULES = YES;
				FRAMEWORK_SEARCH_PATHS = (
					"$(SDKROOT)/Developer/Library/Frameworks",
					"$(inherited)",
				);
				INFOPLIST_FILE = conduitTests/Info.plist;
				LD_RUNPATH_SEARCH_PATHS = "$(inherited) @executable_path/Frameworks @loader_path/Frameworks";
				PRODUCT_NAME = "$(TARGET_NAME)";
				TEST_HOST = "$(BUILT_PRODUCTS_DIR)/conduit.app/conduit";
			};
			name = Release;
		};
/* End XCBuildConfiguration section */

/* Begin XCConfigurationList section */
		C5C70DB71AA68EDE00BE0753 /* Build configuration list for PBXProject "conduit" */ = {
			isa = XCConfigurationList;
			buildConfigurations = (
				C5C70DD91AA68EDE00BE0753 /* Debug */,
				C5C70DDA1AA68EDE00BE0753 /* Release */,
			);
			defaultConfigurationIsVisible = 0;
			defaultConfigurationName = Release;
		};
		C5C70DDB1AA68EDE00BE0753 /* Build configuration list for PBXNativeTarget "conduit" */ = {
			isa = XCConfigurationList;
			buildConfigurations = (
				C5C70DDC1AA68EDE00BE0753 /* Debug */,
				C5C70DDD1AA68EDE00BE0753 /* Release */,
			);
			defaultConfigurationIsVisible = 0;
			defaultConfigurationName = Release;
		};
		C5C70DDE1AA68EDE00BE0753 /* Build configuration list for PBXNativeTarget "conduitTests" */ = {
			isa = XCConfigurationList;
			buildConfigurations = (
				C5C70DDF1AA68EDE00BE0753 /* Debug */,
				C5C70DE01AA68EDE00BE0753 /* Release */,
			);
			defaultConfigurationIsVisible = 0;
			defaultConfigurationName = Release;
		};
/* End XCConfigurationList section */
	};
	rootObject = C5C70DB41AA68EDE00BE0753 /* Project object */;
}
