// !$*UTF8*$!
{
	archiveVersion = 1;
	classes = {
	};
	objectVersion = 46;
	objects = {

/* Begin PBXBuildFile section */
		9C5DB7A458806B50D7333057 /* Pods.framework in Frameworks */ = {isa = PBXBuildFile; fileRef = EFCCECC06C9C564191EED71E /* Pods.framework */; settings = {ATTRIBUTES = (Weak, ); }; };
		B54FF8F21AB04B3100450107 /* ConversationsViewController.swift in Sources */ = {isa = PBXBuildFile; fileRef = B54FF8F11AB04B3100450107 /* ConversationsViewController.swift */; };
		B54FF8F61ACD288200450107 /* SettingsViewController.swift in Sources */ = {isa = PBXBuildFile; fileRef = B54FF8F51ACD288200450107 /* SettingsViewController.swift */; };
		B54FF8F81ACDE90A00450107 /* CarManagementView.swift in Sources */ = {isa = PBXBuildFile; fileRef = B54FF8F71ACDE90A00450107 /* CarManagementView.swift */; };
		B54FF8FC1ACDEDBF00450107 /* CarView.swift in Sources */ = {isa = PBXBuildFile; fileRef = B54FF8FB1ACDEDBF00450107 /* CarView.swift */; };
		B57334171AABDB8100363B5C /* CreateAccountController.swift in Sources */ = {isa = PBXBuildFile; fileRef = B57334161AABDB8100363B5C /* CreateAccountController.swift */; };
		B57334191AABDC1500363B5C /* HomepageController.swift in Sources */ = {isa = PBXBuildFile; fileRef = B57334181AABDC1500363B5C /* HomepageController.swift */; };
		B582C45F1AABDE900083AD9A /* ScannerViewController.swift in Sources */ = {isa = PBXBuildFile; fileRef = B582C45E1AABDE900083AD9A /* ScannerViewController.swift */; };
		B58FD9B11ACE3191005B8648 /* AccountSettingsView.swift in Sources */ = {isa = PBXBuildFile; fileRef = B58FD9B01ACE3191005B8648 /* AccountSettingsView.swift */; };
		B58FD9B31ACE67B5005B8648 /* ChangePasswordView.swift in Sources */ = {isa = PBXBuildFile; fileRef = B58FD9B21ACE67B5005B8648 /* ChangePasswordView.swift */; };
		BD4C1E1A1ACC6EDD00C10987 /* CustomMessageController.swift in Sources */ = {isa = PBXBuildFile; fileRef = BD4C1E191ACC6EDD00C10987 /* CustomMessageController.swift */; };
		BDD28DC31ACDDD4E001B031D /* MessagesViewController.swift in Sources */ = {isa = PBXBuildFile; fileRef = BDD28DC21ACDDD4E001B031D /* MessagesViewController.swift */; };
		BDE4EB5F1AAC2A8900588511 /* LoginViewController.swift in Sources */ = {isa = PBXBuildFile; fileRef = BDE4EB5E1AAC2A8900588511 /* LoginViewController.swift */; };
		BDE4EB651AAC44FB00588511 /* NewMessageViewController.swift in Sources */ = {isa = PBXBuildFile; fileRef = BDE4EB641AAC44FB00588511 /* NewMessageViewController.swift */; };
		BDEB2DE81AD4A41E008C91C2 /* Style.swift in Sources */ = {isa = PBXBuildFile; fileRef = BDEB2DE71AD4A41E008C91C2 /* Style.swift */; };
		BDEB2DEA1AD5C2BC008C91C2 /* NavigationController.swift in Sources */ = {isa = PBXBuildFile; fileRef = BDEB2DE91AD5C2BC008C91C2 /* NavigationController.swift */; };
		BDEB2DEC1AD5C5A9008C91C2 /* Button.swift in Sources */ = {isa = PBXBuildFile; fileRef = BDEB2DEB1AD5C5A9008C91C2 /* Button.swift */; };
		BDEB2DEE1AD5D724008C91C2 /* Label.swift in Sources */ = {isa = PBXBuildFile; fileRef = BDEB2DED1AD5D724008C91C2 /* Label.swift */; };
		C53B9CEA1AD1F6BE00BEFA88 /* LayerHelpers.m in Sources */ = {isa = PBXBuildFile; fileRef = C53B9CE91AD1F6BE00BEFA88 /* LayerHelpers.m */; };
		C53B9CF01AD2046A00BEFA88 /* LayerKit.framework in Frameworks */ = {isa = PBXBuildFile; fileRef = C53B9CED1AD2046A00BEFA88 /* LayerKit.framework */; };
		C53B9CF11AD2046A00BEFA88 /* layer-client-messaging-schema.bundle in Resources */ = {isa = PBXBuildFile; fileRef = C53B9CEF1AD2046A00BEFA88 /* layer-client-messaging-schema.bundle */; };
		C53B9CF31AD2048D00BEFA88 /* SystemConfiguration.framework in Frameworks */ = {isa = PBXBuildFile; fileRef = C53B9CF21AD2048D00BEFA88 /* SystemConfiguration.framework */; };
		C53B9CF51AD2049400BEFA88 /* CFNetwork.framework in Frameworks */ = {isa = PBXBuildFile; fileRef = C53B9CF41AD2049400BEFA88 /* CFNetwork.framework */; };
		C53B9CF71AD2049B00BEFA88 /* MobileCoreServices.framework in Frameworks */ = {isa = PBXBuildFile; fileRef = C53B9CF61AD2049B00BEFA88 /* MobileCoreServices.framework */; };
		C53B9CF91AD204A200BEFA88 /* Security.framework in Frameworks */ = {isa = PBXBuildFile; fileRef = C53B9CF81AD204A200BEFA88 /* Security.framework */; };
		C56BFC9A1ABA92430074FCAA /* APIModel.swift in Sources */ = {isa = PBXBuildFile; fileRef = C56BFC991ABA92430074FCAA /* APIModel.swift */; };
		C56BFC9C1ABA94F40074FCAA /* User.swift in Sources */ = {isa = PBXBuildFile; fileRef = C56BFC9B1ABA94F40074FCAA /* User.swift */; };
		C56BFC9E1ABAA1FF0074FCAA /* Car.swift in Sources */ = {isa = PBXBuildFile; fileRef = C56BFC9D1ABAA1FF0074FCAA /* Car.swift */; };
		C56BFCA01ABAA2330074FCAA /* Conversation.swift in Sources */ = {isa = PBXBuildFile; fileRef = C56BFC9F1ABAA2330074FCAA /* Conversation.swift */; };
		C56BFCA21ABAA2400074FCAA /* Message.swift in Sources */ = {isa = PBXBuildFile; fileRef = C56BFCA11ABAA2400074FCAA /* Message.swift */; };
		C5C70DC21AA68EDE00BE0753 /* AppDelegate.swift in Sources */ = {isa = PBXBuildFile; fileRef = C5C70DC11AA68EDE00BE0753 /* AppDelegate.swift */; };
		C5C70DC71AA68EDE00BE0753 /* Main.storyboard in Resources */ = {isa = PBXBuildFile; fileRef = C5C70DC51AA68EDE00BE0753 /* Main.storyboard */; };
		C5C70DC91AA68EDE00BE0753 /* Images.xcassets in Resources */ = {isa = PBXBuildFile; fileRef = C5C70DC81AA68EDE00BE0753 /* Images.xcassets */; };
		C5C70DCC1AA68EDE00BE0753 /* LaunchScreen.xib in Resources */ = {isa = PBXBuildFile; fileRef = C5C70DCA1AA68EDE00BE0753 /* LaunchScreen.xib */; };
		C5C70DD81AA68EDE00BE0753 /* conduitTests.swift in Sources */ = {isa = PBXBuildFile; fileRef = C5C70DD71AA68EDE00BE0753 /* conduitTests.swift */; };
		C5D32C1D1ADC829D001635AF /* SWRevealViewController.m in Sources */ = {isa = PBXBuildFile; fileRef = C5EFBDE01AABD6C4000029C3 /* SWRevealViewController.m */; };
		C5EFBDDB1AABD4CD000029C3 /* MenuTableViewController.swift in Sources */ = {isa = PBXBuildFile; fileRef = C5EFBDDA1AABD4CD000029C3 /* MenuTableViewController.swift */; };
		C5EFBDDD1AABD4ED000029C3 /* MainViewController.swift in Sources */ = {isa = PBXBuildFile; fileRef = C5EFBDDC1AABD4ED000029C3 /* MainViewController.swift */; };
/* End PBXBuildFile section */

/* Begin PBXContainerItemProxy section */
		C5C70DD21AA68EDE00BE0753 /* PBXContainerItemProxy */ = {
			isa = PBXContainerItemProxy;
			containerPortal = C5C70DB41AA68EDE00BE0753 /* Project object */;
			proxyType = 1;
			remoteGlobalIDString = C5C70DBB1AA68EDE00BE0753;
			remoteInfo = conduit;
		};
/* End PBXContainerItemProxy section */

/* Begin PBXFileReference section */
		029CF3145B10E87BC18DAB8A /* Pods.debug.xcconfig */ = {isa = PBXFileReference; includeInIndex = 1; lastKnownFileType = text.xcconfig; name = Pods.debug.xcconfig; path = "Pods/Target Support Files/Pods/Pods.debug.xcconfig"; sourceTree = "<group>"; };
		B54FF8F11AB04B3100450107 /* ConversationsViewController.swift */ = {isa = PBXFileReference; fileEncoding = 4; lastKnownFileType = sourcecode.swift; path = ConversationsViewController.swift; sourceTree = "<group>"; };
		B54FF8F51ACD288200450107 /* SettingsViewController.swift */ = {isa = PBXFileReference; fileEncoding = 4; lastKnownFileType = sourcecode.swift; path = SettingsViewController.swift; sourceTree = "<group>"; };
		B54FF8F71ACDE90A00450107 /* CarManagementView.swift */ = {isa = PBXFileReference; fileEncoding = 4; lastKnownFileType = sourcecode.swift; path = CarManagementView.swift; sourceTree = "<group>"; };
		B54FF8FB1ACDEDBF00450107 /* CarView.swift */ = {isa = PBXFileReference; fileEncoding = 4; lastKnownFileType = sourcecode.swift; path = CarView.swift; sourceTree = "<group>"; };
		B57334161AABDB8100363B5C /* CreateAccountController.swift */ = {isa = PBXFileReference; fileEncoding = 4; lastKnownFileType = sourcecode.swift; path = CreateAccountController.swift; sourceTree = "<group>"; };
		B57334181AABDC1500363B5C /* HomepageController.swift */ = {isa = PBXFileReference; fileEncoding = 4; lastKnownFileType = sourcecode.swift; path = HomepageController.swift; sourceTree = "<group>"; };
		B582C45E1AABDE900083AD9A /* ScannerViewController.swift */ = {isa = PBXFileReference; fileEncoding = 4; lastKnownFileType = sourcecode.swift; path = ScannerViewController.swift; sourceTree = "<group>"; };
		B58FD9B01ACE3191005B8648 /* AccountSettingsView.swift */ = {isa = PBXFileReference; fileEncoding = 4; lastKnownFileType = sourcecode.swift; path = AccountSettingsView.swift; sourceTree = "<group>"; };
		B58FD9B21ACE67B5005B8648 /* ChangePasswordView.swift */ = {isa = PBXFileReference; fileEncoding = 4; lastKnownFileType = sourcecode.swift; path = ChangePasswordView.swift; sourceTree = "<group>"; };
		BD4C1E191ACC6EDD00C10987 /* CustomMessageController.swift */ = {isa = PBXFileReference; fileEncoding = 4; lastKnownFileType = sourcecode.swift; path = CustomMessageController.swift; sourceTree = "<group>"; };
		BDD28DC21ACDDD4E001B031D /* MessagesViewController.swift */ = {isa = PBXFileReference; fileEncoding = 4; lastKnownFileType = sourcecode.swift; path = MessagesViewController.swift; sourceTree = "<group>"; };
		BDE4EB5E1AAC2A8900588511 /* LoginViewController.swift */ = {isa = PBXFileReference; fileEncoding = 4; lastKnownFileType = sourcecode.swift; path = LoginViewController.swift; sourceTree = "<group>"; };
		BDE4EB641AAC44FB00588511 /* NewMessageViewController.swift */ = {isa = PBXFileReference; fileEncoding = 4; lastKnownFileType = sourcecode.swift; path = NewMessageViewController.swift; sourceTree = "<group>"; };
		BDEB2DE71AD4A41E008C91C2 /* Style.swift */ = {isa = PBXFileReference; fileEncoding = 4; lastKnownFileType = sourcecode.swift; path = Style.swift; sourceTree = "<group>"; };
		BDEB2DE91AD5C2BC008C91C2 /* NavigationController.swift */ = {isa = PBXFileReference; fileEncoding = 4; lastKnownFileType = sourcecode.swift; path = NavigationController.swift; sourceTree = "<group>"; };
		BDEB2DEB1AD5C5A9008C91C2 /* Button.swift */ = {isa = PBXFileReference; fileEncoding = 4; lastKnownFileType = sourcecode.swift; path = Button.swift; sourceTree = "<group>"; };
		BDEB2DED1AD5D724008C91C2 /* Label.swift */ = {isa = PBXFileReference; fileEncoding = 4; lastKnownFileType = sourcecode.swift; path = Label.swift; sourceTree = "<group>"; };
		C53B9CE71AD1E57500BEFA88 /* conduit-Bridging-Header.h */ = {isa = PBXFileReference; fileEncoding = 4; lastKnownFileType = sourcecode.c.h; path = "conduit-Bridging-Header.h"; sourceTree = "<group>"; };
		C53B9CE81AD1F6BE00BEFA88 /* LayerHelpers.h */ = {isa = PBXFileReference; fileEncoding = 4; lastKnownFileType = sourcecode.c.h; name = LayerHelpers.h; path = conduit/LayerHelpers.h; sourceTree = "<group>"; };
		C53B9CE91AD1F6BE00BEFA88 /* LayerHelpers.m */ = {isa = PBXFileReference; fileEncoding = 4; lastKnownFileType = sourcecode.c.objc; name = LayerHelpers.m; path = conduit/LayerHelpers.m; sourceTree = "<group>"; };
		C53B9CED1AD2046A00BEFA88 /* LayerKit.framework */ = {isa = PBXFileReference; lastKnownFileType = wrapper.framework; path = LayerKit.framework; sourceTree = "<group>"; };
		C53B9CEF1AD2046A00BEFA88 /* layer-client-messaging-schema.bundle */ = {isa = PBXFileReference; lastKnownFileType = "wrapper.plug-in"; path = "layer-client-messaging-schema.bundle"; sourceTree = "<group>"; };
		C53B9CF21AD2048D00BEFA88 /* SystemConfiguration.framework */ = {isa = PBXFileReference; lastKnownFileType = wrapper.framework; name = SystemConfiguration.framework; path = System/Library/Frameworks/SystemConfiguration.framework; sourceTree = SDKROOT; };
		C53B9CF41AD2049400BEFA88 /* CFNetwork.framework */ = {isa = PBXFileReference; lastKnownFileType = wrapper.framework; name = CFNetwork.framework; path = System/Library/Frameworks/CFNetwork.framework; sourceTree = SDKROOT; };
		C53B9CF61AD2049B00BEFA88 /* MobileCoreServices.framework */ = {isa = PBXFileReference; lastKnownFileType = wrapper.framework; name = MobileCoreServices.framework; path = System/Library/Frameworks/MobileCoreServices.framework; sourceTree = SDKROOT; };
		C53B9CF81AD204A200BEFA88 /* Security.framework */ = {isa = PBXFileReference; lastKnownFileType = wrapper.framework; name = Security.framework; path = System/Library/Frameworks/Security.framework; sourceTree = SDKROOT; };
		C56BFC991ABA92430074FCAA /* APIModel.swift */ = {isa = PBXFileReference; fileEncoding = 4; lastKnownFileType = sourcecode.swift; path = APIModel.swift; sourceTree = "<group>"; };
		C56BFC9B1ABA94F40074FCAA /* User.swift */ = {isa = PBXFileReference; fileEncoding = 4; lastKnownFileType = sourcecode.swift; path = User.swift; sourceTree = "<group>"; };
		C56BFC9D1ABAA1FF0074FCAA /* Car.swift */ = {isa = PBXFileReference; fileEncoding = 4; lastKnownFileType = sourcecode.swift; path = Car.swift; sourceTree = "<group>"; };
		C56BFC9F1ABAA2330074FCAA /* Conversation.swift */ = {isa = PBXFileReference; fileEncoding = 4; lastKnownFileType = sourcecode.swift; path = Conversation.swift; sourceTree = "<group>"; };
		C56BFCA11ABAA2400074FCAA /* Message.swift */ = {isa = PBXFileReference; fileEncoding = 4; lastKnownFileType = sourcecode.swift; path = Message.swift; sourceTree = "<group>"; };
		C5AA6A791ACC658F00FE9586 /* ConduitPlayground.playground */ = {isa = PBXFileReference; lastKnownFileType = file.playground; path = ConduitPlayground.playground; sourceTree = "<group>"; };
		C5C70DBC1AA68EDE00BE0753 /* conduit.app */ = {isa = PBXFileReference; explicitFileType = wrapper.application; includeInIndex = 0; path = conduit.app; sourceTree = BUILT_PRODUCTS_DIR; };
		C5C70DC01AA68EDE00BE0753 /* Info.plist */ = {isa = PBXFileReference; lastKnownFileType = text.plist.xml; path = Info.plist; sourceTree = "<group>"; };
		C5C70DC11AA68EDE00BE0753 /* AppDelegate.swift */ = {isa = PBXFileReference; lastKnownFileType = sourcecode.swift; path = AppDelegate.swift; sourceTree = "<group>"; };
		C5C70DC61AA68EDE00BE0753 /* Base */ = {isa = PBXFileReference; lastKnownFileType = file.storyboard; name = Base; path = Base.lproj/Main.storyboard; sourceTree = "<group>"; };
		C5C70DC81AA68EDE00BE0753 /* Images.xcassets */ = {isa = PBXFileReference; lastKnownFileType = folder.assetcatalog; path = Images.xcassets; sourceTree = "<group>"; };
		C5C70DCB1AA68EDE00BE0753 /* Base */ = {isa = PBXFileReference; lastKnownFileType = file.xib; name = Base; path = Base.lproj/LaunchScreen.xib; sourceTree = "<group>"; };
		C5C70DD11AA68EDE00BE0753 /* conduitTests.xctest */ = {isa = PBXFileReference; explicitFileType = wrapper.cfbundle; includeInIndex = 0; path = conduitTests.xctest; sourceTree = BUILT_PRODUCTS_DIR; };
		C5C70DD61AA68EDE00BE0753 /* Info.plist */ = {isa = PBXFileReference; lastKnownFileType = text.plist.xml; path = Info.plist; sourceTree = "<group>"; };
		C5C70DD71AA68EDE00BE0753 /* conduitTests.swift */ = {isa = PBXFileReference; lastKnownFileType = sourcecode.swift; path = conduitTests.swift; sourceTree = "<group>"; };
		C5EFBDDA1AABD4CD000029C3 /* MenuTableViewController.swift */ = {isa = PBXFileReference; fileEncoding = 4; lastKnownFileType = sourcecode.swift; path = MenuTableViewController.swift; sourceTree = "<group>"; };
		C5EFBDDC1AABD4ED000029C3 /* MainViewController.swift */ = {isa = PBXFileReference; fileEncoding = 4; lastKnownFileType = sourcecode.swift; path = MainViewController.swift; sourceTree = "<group>"; };
		C5EFBDDF1AABD6C4000029C3 /* SWRevealViewController.h */ = {isa = PBXFileReference; fileEncoding = 4; lastKnownFileType = sourcecode.c.h; path = SWRevealViewController.h; sourceTree = "<group>"; };
		C5EFBDE01AABD6C4000029C3 /* SWRevealViewController.m */ = {isa = PBXFileReference; fileEncoding = 4; lastKnownFileType = sourcecode.c.objc; path = SWRevealViewController.m; sourceTree = "<group>"; };
		CBA459C56B136A1775EDB032 /* Pods.release.xcconfig */ = {isa = PBXFileReference; includeInIndex = 1; lastKnownFileType = text.xcconfig; name = Pods.release.xcconfig; path = "Pods/Target Support Files/Pods/Pods.release.xcconfig"; sourceTree = "<group>"; };
		EFCCECC06C9C564191EED71E /* Pods.framework */ = {isa = PBXFileReference; explicitFileType = wrapper.framework; includeInIndex = 0; path = Pods.framework; sourceTree = BUILT_PRODUCTS_DIR; };
/* End PBXFileReference section */

/* Begin PBXFrameworksBuildPhase section */
		C5C70DB91AA68EDE00BE0753 /* Frameworks */ = {
			isa = PBXFrameworksBuildPhase;
			buildActionMask = 2147483647;
			files = (
				C53B9CF91AD204A200BEFA88 /* Security.framework in Frameworks */,
				C53B9CF71AD2049B00BEFA88 /* MobileCoreServices.framework in Frameworks */,
				C53B9CF51AD2049400BEFA88 /* CFNetwork.framework in Frameworks */,
				C53B9CF31AD2048D00BEFA88 /* SystemConfiguration.framework in Frameworks */,
				9C5DB7A458806B50D7333057 /* Pods.framework in Frameworks */,
				C53B9CF01AD2046A00BEFA88 /* LayerKit.framework in Frameworks */,
			);
			runOnlyForDeploymentPostprocessing = 0;
		};
		C5C70DCE1AA68EDE00BE0753 /* Frameworks */ = {
			isa = PBXFrameworksBuildPhase;
			buildActionMask = 2147483647;
			files = (
			);
			runOnlyForDeploymentPostprocessing = 0;
		};
/* End PBXFrameworksBuildPhase section */

/* Begin PBXGroup section */
		0798EA33DE70C643718ABF5D /* Pods */ = {
			isa = PBXGroup;
			children = (
				029CF3145B10E87BC18DAB8A /* Pods.debug.xcconfig */,
				CBA459C56B136A1775EDB032 /* Pods.release.xcconfig */,
			);
			name = Pods;
			sourceTree = "<group>";
		};
		24BB40C57C7DF6D7C1B3FE43 /* Frameworks */ = {
			isa = PBXGroup;
			children = (
				C53B9CF81AD204A200BEFA88 /* Security.framework */,
				C53B9CF61AD2049B00BEFA88 /* MobileCoreServices.framework */,
				C53B9CF41AD2049400BEFA88 /* CFNetwork.framework */,
				C53B9CF21AD2048D00BEFA88 /* SystemConfiguration.framework */,
				C53B9CEC1AD2046A00BEFA88 /* LayerKit.embeddedframework */,
				C5EFBDD51AABCCC3000029C3 /* SWRevealViewController */,
				C53B9CE81AD1F6BE00BEFA88 /* LayerHelpers.h */,
				C53B9CE91AD1F6BE00BEFA88 /* LayerHelpers.m */,
				EFCCECC06C9C564191EED71E /* Pods.framework */,
			);
			name = Frameworks;
			sourceTree = "<group>";
		};
		C5212BF21ABAA43C004171FD /* API Models */ = {
			isa = PBXGroup;
			children = (
				C56BFC991ABA92430074FCAA /* APIModel.swift */,
				C56BFC9B1ABA94F40074FCAA /* User.swift */,
				C56BFC9D1ABAA1FF0074FCAA /* Car.swift */,
				C56BFC9F1ABAA2330074FCAA /* Conversation.swift */,
				C56BFCA11ABAA2400074FCAA /* Message.swift */,
			);
			name = "API Models";
			sourceTree = "<group>";
		};
		C53B9CEC1AD2046A00BEFA88 /* LayerKit.embeddedframework */ = {
			isa = PBXGroup;
			children = (
				C53B9CED1AD2046A00BEFA88 /* LayerKit.framework */,
				C53B9CEE1AD2046A00BEFA88 /* Resources */,
			);
			path = LayerKit.embeddedframework;
			sourceTree = "<group>";
		};
		C53B9CEE1AD2046A00BEFA88 /* Resources */ = {
			isa = PBXGroup;
			children = (
				C53B9CEF1AD2046A00BEFA88 /* layer-client-messaging-schema.bundle */,
			);
			path = Resources;
			sourceTree = "<group>";
		};
		C5C70DB31AA68EDE00BE0753 = {
			isa = PBXGroup;
			children = (
				C5C70DBE1AA68EDE00BE0753 /* conduit */,
				C5C70DD41AA68EDE00BE0753 /* conduitTests */,
				C5C70DBD1AA68EDE00BE0753 /* Products */,
				0798EA33DE70C643718ABF5D /* Pods */,
				24BB40C57C7DF6D7C1B3FE43 /* Frameworks */,
			);
			sourceTree = "<group>";
		};
		C5C70DBD1AA68EDE00BE0753 /* Products */ = {
			isa = PBXGroup;
			children = (
				C5C70DBC1AA68EDE00BE0753 /* conduit.app */,
				C5C70DD11AA68EDE00BE0753 /* conduitTests.xctest */,
			);
			name = Products;
			sourceTree = "<group>";
		};
		C5C70DBE1AA68EDE00BE0753 /* conduit */ = {
			isa = PBXGroup;
			children = (
				C53B9CE71AD1E57500BEFA88 /* conduit-Bridging-Header.h */,
				C5212BF21ABAA43C004171FD /* API Models */,
				C5C70DC11AA68EDE00BE0753 /* AppDelegate.swift */,
				C5C70DC51AA68EDE00BE0753 /* Main.storyboard */,
				B58FD9B21ACE67B5005B8648 /* ChangePasswordView.swift */,
				B58FD9B01ACE3191005B8648 /* AccountSettingsView.swift */,
				B54FF8FB1ACDEDBF00450107 /* CarView.swift */,
				BD4C1E191ACC6EDD00C10987 /* CustomMessageController.swift */,
				B57334181AABDC1500363B5C /* HomepageController.swift */,
				B57334161AABDB8100363B5C /* CreateAccountController.swift */,
				BDE4EB5E1AAC2A8900588511 /* LoginViewController.swift */,
				BDE4EB641AAC44FB00588511 /* NewMessageViewController.swift */,
				B54FF8F11AB04B3100450107 /* ConversationsViewController.swift */,
				BDD28DC21ACDDD4E001B031D /* MessagesViewController.swift */,
				B582C45E1AABDE900083AD9A /* ScannerViewController.swift */,
				C5EFBDDA1AABD4CD000029C3 /* MenuTableViewController.swift */,
				B54FF8F51ACD288200450107 /* SettingsViewController.swift */,
				B54FF8F71ACDE90A00450107 /* CarManagementView.swift */,
				C5EFBDDC1AABD4ED000029C3 /* MainViewController.swift */,
				BDEB2DE91AD5C2BC008C91C2 /* NavigationController.swift */,
				BDEB2DE71AD4A41E008C91C2 /* Style.swift */,
				BDEB2DEB1AD5C5A9008C91C2 /* Button.swift */,
				BDEB2DED1AD5D724008C91C2 /* Label.swift */,
				C5C70DC81AA68EDE00BE0753 /* Images.xcassets */,
				C5C70DCA1AA68EDE00BE0753 /* LaunchScreen.xib */,
				C5C70DBF1AA68EDE00BE0753 /* Supporting Files */,
			);
			path = conduit;
			sourceTree = "<group>";
		};
		C5C70DBF1AA68EDE00BE0753 /* Supporting Files */ = {
			isa = PBXGroup;
			children = (
				C5C70DC01AA68EDE00BE0753 /* Info.plist */,
			);
			name = "Supporting Files";
			sourceTree = "<group>";
		};
		C5C70DD41AA68EDE00BE0753 /* conduitTests */ = {
			isa = PBXGroup;
			children = (
				C5AA6A791ACC658F00FE9586 /* ConduitPlayground.playground */,
				C5C70DD71AA68EDE00BE0753 /* conduitTests.swift */,
				C5C70DD51AA68EDE00BE0753 /* Supporting Files */,
			);
			path = conduitTests;
			sourceTree = "<group>";
		};
		C5C70DD51AA68EDE00BE0753 /* Supporting Files */ = {
			isa = PBXGroup;
			children = (
				C5C70DD61AA68EDE00BE0753 /* Info.plist */,
			);
			name = "Supporting Files";
			sourceTree = "<group>";
		};
		C5EFBDD51AABCCC3000029C3 /* SWRevealViewController */ = {
			isa = PBXGroup;
			children = (
				C5EFBDDF1AABD6C4000029C3 /* SWRevealViewController.h */,
				C5EFBDE01AABD6C4000029C3 /* SWRevealViewController.m */,
			);
			name = SWRevealViewController;
			path = conduit/SWRevealViewController;
			sourceTree = "<group>";
		};
/* End PBXGroup section */

/* Begin PBXNativeTarget section */
		C5C70DBB1AA68EDE00BE0753 /* conduit */ = {
			isa = PBXNativeTarget;
			buildConfigurationList = C5C70DDB1AA68EDE00BE0753 /* Build configuration list for PBXNativeTarget "conduit" */;
			buildPhases = (
				2DC7CCA280AA6DC29159ACEE /* Check Pods Manifest.lock */,
				C5C70DB81AA68EDE00BE0753 /* Sources */,
				C5C70DB91AA68EDE00BE0753 /* Frameworks */,
				C5C70DBA1AA68EDE00BE0753 /* Resources */,
				826B60B4B60DBCEC6B793F3A /* Embed Pods Frameworks */,
				FA77AC0BEA485D539A8ADB93 /* Copy Pods Resources */,
			);
			buildRules = (
			);
			dependencies = (
			);
			name = conduit;
			productName = conduit;
			productReference = C5C70DBC1AA68EDE00BE0753 /* conduit.app */;
			productType = "com.apple.product-type.application";
		};
		C5C70DD01AA68EDE00BE0753 /* conduitTests */ = {
			isa = PBXNativeTarget;
			buildConfigurationList = C5C70DDE1AA68EDE00BE0753 /* Build configuration list for PBXNativeTarget "conduitTests" */;
			buildPhases = (
				C5C70DCD1AA68EDE00BE0753 /* Sources */,
				C5C70DCE1AA68EDE00BE0753 /* Frameworks */,
				C5C70DCF1AA68EDE00BE0753 /* Resources */,
			);
			buildRules = (
			);
			dependencies = (
				C5C70DD31AA68EDE00BE0753 /* PBXTargetDependency */,
			);
			name = conduitTests;
			productName = conduitTests;
			productReference = C5C70DD11AA68EDE00BE0753 /* conduitTests.xctest */;
			productType = "com.apple.product-type.bundle.unit-test";
		};
/* End PBXNativeTarget section */

/* Begin PBXProject section */
		C5C70DB41AA68EDE00BE0753 /* Project object */ = {
			isa = PBXProject;
			attributes = {
				LastUpgradeCheck = 0610;
				ORGANIZATIONNAME = Conduit;
				TargetAttributes = {
					C5C70DBB1AA68EDE00BE0753 = {
						CreatedOnToolsVersion = 6.1.1;
					};
					C5C70DD01AA68EDE00BE0753 = {
						CreatedOnToolsVersion = 6.1.1;
						TestTargetID = C5C70DBB1AA68EDE00BE0753;
					};
				};
			};
			buildConfigurationList = C5C70DB71AA68EDE00BE0753 /* Build configuration list for PBXProject "conduit" */;
			compatibilityVersion = "Xcode 3.2";
			developmentRegion = English;
			hasScannedForEncodings = 0;
			knownRegions = (
				en,
				Base,
			);
			mainGroup = C5C70DB31AA68EDE00BE0753;
			productRefGroup = C5C70DBD1AA68EDE00BE0753 /* Products */;
			projectDirPath = "";
			projectRoot = "";
			targets = (
				C5C70DBB1AA68EDE00BE0753 /* conduit */,
				C5C70DD01AA68EDE00BE0753 /* conduitTests */,
			);
		};
/* End PBXProject section */

/* Begin PBXResourcesBuildPhase section */
		C5C70DBA1AA68EDE00BE0753 /* Resources */ = {
			isa = PBXResourcesBuildPhase;
			buildActionMask = 2147483647;
			files = (
				C5C70DC71AA68EDE00BE0753 /* Main.storyboard in Resources */,
				C5C70DCC1AA68EDE00BE0753 /* LaunchScreen.xib in Resources */,
				C53B9CF11AD2046A00BEFA88 /* layer-client-messaging-schema.bundle in Resources */,
				C5C70DC91AA68EDE00BE0753 /* Images.xcassets in Resources */,
			);
			runOnlyForDeploymentPostprocessing = 0;
		};
		C5C70DCF1AA68EDE00BE0753 /* Resources */ = {
			isa = PBXResourcesBuildPhase;
			buildActionMask = 2147483647;
			files = (
			);
			runOnlyForDeploymentPostprocessing = 0;
		};
/* End PBXResourcesBuildPhase section */

/* Begin PBXShellScriptBuildPhase section */
		2DC7CCA280AA6DC29159ACEE /* Check Pods Manifest.lock */ = {
			isa = PBXShellScriptBuildPhase;
			buildActionMask = 2147483647;
			files = (
			);
			inputPaths = (
			);
			name = "Check Pods Manifest.lock";
			outputPaths = (
			);
			runOnlyForDeploymentPostprocessing = 0;
			shellPath = /bin/sh;
			shellScript = "diff \"${PODS_ROOT}/../Podfile.lock\" \"${PODS_ROOT}/Manifest.lock\" > /dev/null\nif [[ $? != 0 ]] ; then\n    cat << EOM\nerror: The sandbox is not in sync with the Podfile.lock. Run 'pod install' or update your CocoaPods installation.\nEOM\n    exit 1\nfi\n";
			showEnvVarsInLog = 0;
		};
		826B60B4B60DBCEC6B793F3A /* Embed Pods Frameworks */ = {
			isa = PBXShellScriptBuildPhase;
			buildActionMask = 2147483647;
			files = (
			);
			inputPaths = (
			);
			name = "Embed Pods Frameworks";
			outputPaths = (
			);
			runOnlyForDeploymentPostprocessing = 0;
			shellPath = /bin/sh;
			shellScript = "\"${SRCROOT}/Pods/Target Support Files/Pods/Pods-frameworks.sh\"\n";
			showEnvVarsInLog = 0;
		};
		FA77AC0BEA485D539A8ADB93 /* Copy Pods Resources */ = {
			isa = PBXShellScriptBuildPhase;
			buildActionMask = 2147483647;
			files = (
			);
			inputPaths = (
			);
			name = "Copy Pods Resources";
			outputPaths = (
			);
			runOnlyForDeploymentPostprocessing = 0;
			shellPath = /bin/sh;
			shellScript = "\"${SRCROOT}/Pods/Target Support Files/Pods/Pods-resources.sh\"\n";
			showEnvVarsInLog = 0;
		};
/* End PBXShellScriptBuildPhase section */

/* Begin PBXSourcesBuildPhase section */
		C5C70DB81AA68EDE00BE0753 /* Sources */ = {
			isa = PBXSourcesBuildPhase;
			buildActionMask = 2147483647;
			files = (
				C5D32C1D1ADC829D001635AF /* SWRevealViewController.m in Sources */,
				BDD28DC31ACDDD4E001B031D /* MessagesViewController.swift in Sources */,
				BDEB2DEA1AD5C2BC008C91C2 /* NavigationController.swift in Sources */,
				C5EFBDDB1AABD4CD000029C3 /* MenuTableViewController.swift in Sources */,
				B54FF8F61ACD288200450107 /* SettingsViewController.swift in Sources */,
				B54FF8FC1ACDEDBF00450107 /* CarView.swift in Sources */,
				BDEB2DE81AD4A41E008C91C2 /* Style.swift in Sources */,
				B57334171AABDB8100363B5C /* CreateAccountController.swift in Sources */,
				B58FD9B11ACE3191005B8648 /* AccountSettingsView.swift in Sources */,
				B54FF8F81ACDE90A00450107 /* CarManagementView.swift in Sources */,
				BD4C1E1A1ACC6EDD00C10987 /* CustomMessageController.swift in Sources */,
				C56BFC9C1ABA94F40074FCAA /* User.swift in Sources */,
				C56BFCA01ABAA2330074FCAA /* Conversation.swift in Sources */,
				C56BFC9E1ABAA1FF0074FCAA /* Car.swift in Sources */,
				B57334191AABDC1500363B5C /* HomepageController.swift in Sources */,
				BDEB2DEC1AD5C5A9008C91C2 /* Button.swift in Sources */,
				BDE4EB651AAC44FB00588511 /* NewMessageViewController.swift in Sources */,
				BDEB2DEE1AD5D724008C91C2 /* Label.swift in Sources */,
				B582C45F1AABDE900083AD9A /* ScannerViewController.swift in Sources */,
				C5C70DC21AA68EDE00BE0753 /* AppDelegate.swift in Sources */,
				BDE4EB5F1AAC2A8900588511 /* LoginViewController.swift in Sources */,
				B58FD9B31ACE67B5005B8648 /* ChangePasswordView.swift in Sources */,
				B54FF8F21AB04B3100450107 /* ConversationsViewController.swift in Sources */,
				C56BFCA21ABAA2400074FCAA /* Message.swift in Sources */,
				C5EFBDDD1AABD4ED000029C3 /* MainViewController.swift in Sources */,
				C56BFC9A1ABA92430074FCAA /* APIModel.swift in Sources */,
				C53B9CEA1AD1F6BE00BEFA88 /* LayerHelpers.m in Sources */,
			);
			runOnlyForDeploymentPostprocessing = 0;
		};
		C5C70DCD1AA68EDE00BE0753 /* Sources */ = {
			isa = PBXSourcesBuildPhase;
			buildActionMask = 2147483647;
			files = (
				C5C70DD81AA68EDE00BE0753 /* conduitTests.swift in Sources */,
			);
			runOnlyForDeploymentPostprocessing = 0;
		};
/* End PBXSourcesBuildPhase section */

/* Begin PBXTargetDependency section */
		C5C70DD31AA68EDE00BE0753 /* PBXTargetDependency */ = {
			isa = PBXTargetDependency;
			target = C5C70DBB1AA68EDE00BE0753 /* conduit */;
			targetProxy = C5C70DD21AA68EDE00BE0753 /* PBXContainerItemProxy */;
		};
/* End PBXTargetDependency section */

/* Begin PBXVariantGroup section */
		C5C70DC51AA68EDE00BE0753 /* Main.storyboard */ = {
			isa = PBXVariantGroup;
			children = (
				C5C70DC61AA68EDE00BE0753 /* Base */,
			);
			name = Main.storyboard;
			sourceTree = "<group>";
		};
		C5C70DCA1AA68EDE00BE0753 /* LaunchScreen.xib */ = {
			isa = PBXVariantGroup;
			children = (
				C5C70DCB1AA68EDE00BE0753 /* Base */,
			);
			name = LaunchScreen.xib;
			sourceTree = "<group>";
		};
/* End PBXVariantGroup section */

/* Begin XCBuildConfiguration section */
		C5C70DD91AA68EDE00BE0753 /* Debug */ = {
			isa = XCBuildConfiguration;
			buildSettings = {
				ALWAYS_SEARCH_USER_PATHS = NO;
				CLANG_CXX_LANGUAGE_STANDARD = "gnu++0x";
				CLANG_CXX_LIBRARY = "libc++";
				CLANG_ENABLE_MODULES = YES;
				CLANG_ENABLE_OBJC_ARC = YES;
				CLANG_WARN_BOOL_CONVERSION = YES;
				CLANG_WARN_CONSTANT_CONVERSION = YES;
				CLANG_WARN_DIRECT_OBJC_ISA_USAGE = YES_ERROR;
				CLANG_WARN_EMPTY_BODY = YES;
				CLANG_WARN_ENUM_CONVERSION = YES;
				CLANG_WARN_INT_CONVERSION = YES;
				CLANG_WARN_OBJC_ROOT_CLASS = YES_ERROR;
				CLANG_WARN_UNREACHABLE_CODE = YES;
				CLANG_WARN__DUPLICATE_METHOD_MATCH = YES;
				"CODE_SIGN_IDENTITY[sdk=iphoneos*]" = "iPhone Developer";
				COPY_PHASE_STRIP = NO;
				ENABLE_STRICT_OBJC_MSGSEND = YES;
				GCC_C_LANGUAGE_STANDARD = gnu99;
				GCC_DYNAMIC_NO_PIC = NO;
				GCC_OPTIMIZATION_LEVEL = 0;
				GCC_PREPROCESSOR_DEFINITIONS = (
					"DEBUG=1",
					"$(inherited)",
				);
				GCC_SYMBOLS_PRIVATE_EXTERN = NO;
				GCC_WARN_64_TO_32_BIT_CONVERSION = YES;
				GCC_WARN_ABOUT_RETURN_TYPE = YES_ERROR;
				GCC_WARN_UNDECLARED_SELECTOR = YES;
				GCC_WARN_UNINITIALIZED_AUTOS = YES_AGGRESSIVE;
				GCC_WARN_UNUSED_FUNCTION = YES;
				GCC_WARN_UNUSED_VARIABLE = YES;
				IPHONEOS_DEPLOYMENT_TARGET = 8.1;
				MTL_ENABLE_DEBUG_INFO = YES;
				ONLY_ACTIVE_ARCH = YES;
				SDKROOT = iphoneos;
				SWIFT_OPTIMIZATION_LEVEL = "-Onone";
			};
			name = Debug;
		};
		C5C70DDA1AA68EDE00BE0753 /* Release */ = {
			isa = XCBuildConfiguration;
			buildSettings = {
				ALWAYS_SEARCH_USER_PATHS = NO;
				CLANG_CXX_LANGUAGE_STANDARD = "gnu++0x";
				CLANG_CXX_LIBRARY = "libc++";
				CLANG_ENABLE_MODULES = YES;
				CLANG_ENABLE_OBJC_ARC = YES;
				CLANG_WARN_BOOL_CONVERSION = YES;
				CLANG_WARN_CONSTANT_CONVERSION = YES;
				CLANG_WARN_DIRECT_OBJC_ISA_USAGE = YES_ERROR;
				CLANG_WARN_EMPTY_BODY = YES;
				CLANG_WARN_ENUM_CONVERSION = YES;
				CLANG_WARN_INT_CONVERSION = YES;
				CLANG_WARN_OBJC_ROOT_CLASS = YES_ERROR;
				CLANG_WARN_UNREACHABLE_CODE = YES;
				CLANG_WARN__DUPLICATE_METHOD_MATCH = YES;
				"CODE_SIGN_IDENTITY[sdk=iphoneos*]" = "iPhone Developer";
				COPY_PHASE_STRIP = YES;
				ENABLE_NS_ASSERTIONS = NO;
				ENABLE_STRICT_OBJC_MSGSEND = YES;
				GCC_C_LANGUAGE_STANDARD = gnu99;
				GCC_WARN_64_TO_32_BIT_CONVERSION = YES;
				GCC_WARN_ABOUT_RETURN_TYPE = YES_ERROR;
				GCC_WARN_UNDECLARED_SELECTOR = YES;
				GCC_WARN_UNINITIALIZED_AUTOS = YES_AGGRESSIVE;
				GCC_WARN_UNUSED_FUNCTION = YES;
				GCC_WARN_UNUSED_VARIABLE = YES;
				IPHONEOS_DEPLOYMENT_TARGET = 8.1;
				MTL_ENABLE_DEBUG_INFO = NO;
				SDKROOT = iphoneos;
				VALIDATE_PRODUCT = YES;
			};
			name = Release;
		};
		C5C70DDC1AA68EDE00BE0753 /* Debug */ = {
			isa = XCBuildConfiguration;
			baseConfigurationReference = 029CF3145B10E87BC18DAB8A /* Pods.debug.xcconfig */;
			buildSettings = {
				ASSETCATALOG_COMPILER_APPICON_NAME = AppIcon;
				CLANG_ENABLE_MODULES = YES;
				FRAMEWORK_SEARCH_PATHS = (
					"$(inherited)",
					"$(PROJECT_DIR)/LayerKit.embeddedframework",
				);
				INFOPLIST_FILE = conduit/Info.plist;
				IPHONEOS_DEPLOYMENT_TARGET = 8.0;
				LD_RUNPATH_SEARCH_PATHS = "$(inherited) @executable_path/Frameworks";
				OTHER_LDFLAGS = (
					"$(inherited)",
					"-ObjC",
					"-framework",
					"\"Alamofire\"",
					"-lz",
				);
				PRODUCT_NAME = "$(TARGET_NAME)";
				SWIFT_INSTALL_OBJC_HEADER = YES;
				SWIFT_OBJC_BRIDGING_HEADER = "conduit/conduit-Bridging-Header.h";
				SWIFT_OPTIMIZATION_LEVEL = "-Onone";
				TARGETED_DEVICE_FAMILY = 1;
			};
			name = Debug;
		};
		C5C70DDD1AA68EDE00BE0753 /* Release */ = {
			isa = XCBuildConfiguration;
			baseConfigurationReference = CBA459C56B136A1775EDB032 /* Pods.release.xcconfig */;
			buildSettings = {
				ASSETCATALOG_COMPILER_APPICON_NAME = AppIcon;
				CLANG_ENABLE_MODULES = YES;
				FRAMEWORK_SEARCH_PATHS = (
					"$(inherited)",
					"$(PROJECT_DIR)/LayerKit.embeddedframework",
				);
				INFOPLIST_FILE = conduit/Info.plist;
				IPHONEOS_DEPLOYMENT_TARGET = 8.0;
				LD_RUNPATH_SEARCH_PATHS = "$(inherited) @executable_path/Frameworks";
				OTHER_LDFLAGS = (
					"$(inherited)",
					"-ObjC",
					"-framework",
					"\"Alamofire\"",
					"-lz",
				);
				PRODUCT_NAME = "$(TARGET_NAME)";
				SWIFT_INSTALL_OBJC_HEADER = YES;
				SWIFT_OBJC_BRIDGING_HEADER = "conduit/conduit-Bridging-Header.h";
				TARGETED_DEVICE_FAMILY = 1;
			};
			name = Release;
		};
		C5C70DDF1AA68EDE00BE0753 /* Debug */ = {
			isa = XCBuildConfiguration;
			buildSettings = {
				BUNDLE_LOADER = "$(TEST_HOST)";
				CLANG_ENABLE_MODULES = YES;
				FRAMEWORK_SEARCH_PATHS = (
					"$(SDKROOT)/Developer/Library/Frameworks",
					"$(inherited)",
				);
				GCC_PREPROCESSOR_DEFINITIONS = (
					"DEBUG=1",
					"$(inherited)",
				);
				INFOPLIST_FILE = conduitTests/Info.plist;
				LD_RUNPATH_SEARCH_PATHS = "$(inherited) @executable_path/Frameworks @loader_path/Frameworks";
				PRODUCT_NAME = "$(TARGET_NAME)";
				SWIFT_OPTIMIZATION_LEVEL = "-Onone";
				TEST_HOST = "$(BUILT_PRODUCTS_DIR)/conduit.app/conduit";
			};
			name = Debug;
		};
		C5C70DE01AA68EDE00BE0753 /* Release */ = {
			isa = XCBuildConfiguration;
			buildSettings = {
				BUNDLE_LOADER = "$(TEST_HOST)";
				CLANG_ENABLE_MODULES = YES;
				FRAMEWORK_SEARCH_PATHS = (
					"$(SDKROOT)/Developer/Library/Frameworks",
					"$(inherited)",
				);
				INFOPLIST_FILE = conduitTests/Info.plist;
				LD_RUNPATH_SEARCH_PATHS = "$(inherited) @executable_path/Frameworks @loader_path/Frameworks";
				PRODUCT_NAME = "$(TARGET_NAME)";
				TEST_HOST = "$(BUILT_PRODUCTS_DIR)/conduit.app/conduit";
			};
			name = Release;
		};
/* End XCBuildConfiguration section */

/* Begin XCConfigurationList section */
		C5C70DB71AA68EDE00BE0753 /* Build configuration list for PBXProject "conduit" */ = {
			isa = XCConfigurationList;
			buildConfigurations = (
				C5C70DD91AA68EDE00BE0753 /* Debug */,
				C5C70DDA1AA68EDE00BE0753 /* Release */,
			);
			defaultConfigurationIsVisible = 0;
			defaultConfigurationName = Release;
		};
		C5C70DDB1AA68EDE00BE0753 /* Build configuration list for PBXNativeTarget "conduit" */ = {
			isa = XCConfigurationList;
			buildConfigurations = (
				C5C70DDC1AA68EDE00BE0753 /* Debug */,
				C5C70DDD1AA68EDE00BE0753 /* Release */,
			);
			defaultConfigurationIsVisible = 0;
			defaultConfigurationName = Release;
		};
		C5C70DDE1AA68EDE00BE0753 /* Build configuration list for PBXNativeTarget "conduitTests" */ = {
			isa = XCConfigurationList;
			buildConfigurations = (
				C5C70DDF1AA68EDE00BE0753 /* Debug */,
				C5C70DE01AA68EDE00BE0753 /* Release */,
			);
			defaultConfigurationIsVisible = 0;
			defaultConfigurationName = Release;
		};
/* End XCConfigurationList section */
	};
	rootObject = C5C70DB41AA68EDE00BE0753 /* Project object */;
}
